<?xml version="1.0" encoding="UTF-8"?>
<Project ToolsVersion="14.0" xmlns="http://schemas.microsoft.com/developer/msbuild/2003">
  <ItemGroup>
    <ClCompile Include="C:\Users\juan_\Documents\Binaries\fltk-1.3.3\test\resize.cxx">
      <Filter>Source Files</Filter>
    </ClCompile>
  </ItemGroup>
  <ItemGroup>
    <CustomBuild Include="C:\Users\juan_\Documents\C++ Courses\C++\fltk-1.3.3\test\CMakeLists.txt" />
    <CustomBuild Include="C:\Users\juan_\Documents\Binaries\fltk-1.3.3\CMakeFiles\674fe2d1071c163414719519daff32f8\resize.cxx.rule">
      <Filter>CMake Rules</Filter>
    </CustomBuild>
    <CustomBuild Include="C:\Users\juan_\Documents\Binaries\fltk-1.3.3\CMakeFiles\674fe2d1071c163414719519daff32f8\resize.h.rule">
      <Filter>CMake Rules</Filter>
    </CustomBuild>
  </ItemGroup>
  <ItemGroup>
    <Filter Include="Source Files">
      <UniqueIdentifier>{220AB4B2-8DDD-3CD5-811E-0213518474E9}</UniqueIdentifier>
    </Filter>
    <Filter Include="CMake Rules">
      <UniqueIdentifier>{ED71EBC8-4CA2-3BB9-874F-3F60AB70E889}</UniqueIdentifier>
    </Filter>
  </ItemGroup>
</Project>
