Microsoft Visual Studio Solution File, Format Version 12.00
# Visual Studio 14
Project("{8BC9CEB8-8B4A-11D0-8D11-00A0C91BC942}") = "ALL_BUILD", "ALL_BUILD.vcxproj", "{232DCD8E-8DFC-3D68-96C9-47A691AC7276}"
	ProjectSection(ProjectDependencies) = postProject
		{7E7FDFD0-93ED-35AC-8947-2994C91A5527} = {7E7FDFD0-93ED-35AC-8947-2994C91A5527}
		{31379B80-7FB4-3415-B521-599B7C261D3F} = {31379B80-7FB4-3415-B521-599B7C261D3F}
		{DB1703C7-E4DB-3BF4-8A25-F19AA2A42998} = {DB1703C7-E4DB-3BF4-8A25-F19AA2A42998}
		{B83CC8F6-FFE3-3A49-8C3D-28DDEAC046C5} = {B83CC8F6-FFE3-3A49-8C3D-28DDEAC046C5}
		{15AB8170-1449-3068-BB6C-FF1D4CA643F9} = {15AB8170-1449-3068-BB6C-FF1D4CA643F9}
		{2A617F6A-206C-3642-88A9-24E2BFD66ECA} = {2A617F6A-206C-3642-88A9-24E2BFD66ECA}
		{8B76127F-F4F3-321B-B4C2-0F940EE68028} = {8B76127F-F4F3-321B-B4C2-0F940EE68028}
		{2AFCBBC6-42D3-3EFE-845E-D5839C1B38A2} = {2AFCBBC6-42D3-3EFE-845E-D5839C1B38A2}
		{4C754A9F-12E0-3834-B504-5378724C639E} = {4C754A9F-12E0-3834-B504-5378724C639E}
		{013DB0EC-531E-3945-A726-A2EA1FC6D3E6} = {013DB0EC-531E-3945-A726-A2EA1FC6D3E6}
		{937F9157-0509-3E5A-8F05-B8AEBF71FEC6} = {937F9157-0509-3E5A-8F05-B8AEBF71FEC6}
		{087935E8-8BF8-3C4C-AA7C-424AEDA2766E} = {087935E8-8BF8-3C4C-AA7C-424AEDA2766E}
		{DCB1AC48-89C9-3104-B05A-A2690D8E25DE} = {DCB1AC48-89C9-3104-B05A-A2690D8E25DE}
		{1E19ACE4-ADDE-3A4D-8BED-D4EEC0F459C9} = {1E19ACE4-ADDE-3A4D-8BED-D4EEC0F459C9}
		{93DF7F1B-D45E-3877-9302-E00284D0BAD9} = {93DF7F1B-D45E-3877-9302-E00284D0BAD9}
		{7E34D247-C20B-3A1C-B257-80B7EC9CC14F} = {7E34D247-C20B-3A1C-B257-80B7EC9CC14F}
		{5EE0169F-0C2E-37BE-ADEE-0366E3D76D80} = {5EE0169F-0C2E-37BE-ADEE-0366E3D76D80}
		{7599B95D-1DF7-3B5F-AA5B-7D76591491AE} = {7599B95D-1DF7-3B5F-AA5B-7D76591491AE}
		{C727106D-6407-386A-913F-D3584C974691} = {C727106D-6407-386A-913F-D3584C974691}
		{9C7F6F57-5AE4-3247-B437-AD9D86F4A6F9} = {9C7F6F57-5AE4-3247-B437-AD9D86F4A6F9}
		{32395972-E1C6-3180-88BC-09E0C09C5177} = {32395972-E1C6-3180-88BC-09E0C09C5177}
		{A34559EE-D1D9-3B1C-9DC9-15DAF13853E2} = {A34559EE-D1D9-3B1C-9DC9-15DAF13853E2}
		{68204577-ABAA-3B58-97AE-4DCC8D82549D} = {68204577-ABAA-3B58-97AE-4DCC8D82549D}
		{3708AF23-5DD0-30E3-A2B6-A3E9D9D890EC} = {3708AF23-5DD0-30E3-A2B6-A3E9D9D890EC}
		{93D59AD5-4211-3D42-A100-288828E39934} = {93D59AD5-4211-3D42-A100-288828E39934}
		{7A5FF2AE-C45F-3232-BF83-62B15857E89B} = {7A5FF2AE-C45F-3232-BF83-62B15857E89B}
		{E291B050-3904-3EF3-B413-3C7E68108552} = {E291B050-3904-3EF3-B413-3C7E68108552}
		{49673B5C-C9F6-3528-8450-F5D9806A2FB2} = {49673B5C-C9F6-3528-8450-F5D9806A2FB2}
		{A4AB9075-0DED-326C-8C99-4A35E2C0342E} = {A4AB9075-0DED-326C-8C99-4A35E2C0342E}
		{E67EC735-13F6-3CC3-A338-C020141938B8} = {E67EC735-13F6-3CC3-A338-C020141938B8}
		{ACC6EE2B-0A1B-3EA5-AE09-C62733ED466F} = {ACC6EE2B-0A1B-3EA5-AE09-C62733ED466F}
		{2143502C-BA16-36D7-AD43-0DB56C7106B6} = {2143502C-BA16-36D7-AD43-0DB56C7106B6}
		{4BDC00EC-8183-3508-95B4-477AFFC5DB17} = {4BDC00EC-8183-3508-95B4-477AFFC5DB17}
		{D8A9B034-6E96-3690-B129-ADA78E5A4884} = {D8A9B034-6E96-3690-B129-ADA78E5A4884}
		{860D4D6C-6A37-36A1-93EC-DD522AF0EEA3} = {860D4D6C-6A37-36A1-93EC-DD522AF0EEA3}
		{B373E8AE-35C0-36F5-9FB2-0A2F5AF257C7} = {B373E8AE-35C0-36F5-9FB2-0A2F5AF257C7}
		{509223C5-5607-3554-899F-F90423B9162F} = {509223C5-5607-3554-899F-F90423B9162F}
		{473AF4AB-FEF8-35B4-9E5B-CD048313D740} = {473AF4AB-FEF8-35B4-9E5B-CD048313D740}
		{F09D9659-F454-34B7-81FE-4B16B832FF1C} = {F09D9659-F454-34B7-81FE-4B16B832FF1C}
		{401DB89D-8ECC-329D-933A-962B84FCB655} = {401DB89D-8ECC-329D-933A-962B84FCB655}
		{828A0033-B677-3EB2-AA15-CACE442CC74E} = {828A0033-B677-3EB2-AA15-CACE442CC74E}
		{D0CCCF0E-660C-3107-8AA7-C67EF9932F74} = {D0CCCF0E-660C-3107-8AA7-C67EF9932F74}
		{09366263-F235-3A1D-90DA-075429D1AB40} = {09366263-F235-3A1D-90DA-075429D1AB40}
		{22E08BC7-2A80-3BD0-8EC8-1913DAECD8C7} = {22E08BC7-2A80-3BD0-8EC8-1913DAECD8C7}
		{D85A7D30-C785-3134-B095-ACA947D4CDED} = {D85A7D30-C785-3134-B095-ACA947D4CDED}
		{8AE14C42-AD6E-3FD5-BF58-65BAFCB4F558} = {8AE14C42-AD6E-3FD5-BF58-65BAFCB4F558}
		{E585FC7D-B92A-3EFA-A860-B1B7DF37729E} = {E585FC7D-B92A-3EFA-A860-B1B7DF37729E}
		{CE97D16D-7BA8-3EC0-8EDC-A99FCABF0908} = {CE97D16D-7BA8-3EC0-8EDC-A99FCABF0908}
		{EA8C9CB8-C485-30F5-85B7-AE4EF459C8B5} = {EA8C9CB8-C485-30F5-85B7-AE4EF459C8B5}
		{6F96F70E-E97D-3571-9D81-13E3A3A55C3A} = {6F96F70E-E97D-3571-9D81-13E3A3A55C3A}
		{C2DEEAAC-FDC9-3264-87CF-CDB1BF971CC1} = {C2DEEAAC-FDC9-3264-87CF-CDB1BF971CC1}
		{2D5A5D68-CF25-37B0-9983-3A8942000D9D} = {2D5A5D68-CF25-37B0-9983-3A8942000D9D}
		{82358479-45C3-345D-9FB8-12113064537C} = {82358479-45C3-345D-9FB8-12113064537C}
		{173E1E8C-41F5-37AC-B722-3D467FD87507} = {173E1E8C-41F5-37AC-B722-3D467FD87507}
		{8EC97D3B-8DFD-387A-9E05-D276B8A93C72} = {8EC97D3B-8DFD-387A-9E05-D276B8A93C72}
		{2F42FAF1-7AD4-34BA-B04B-8CB29ECD2606} = {2F42FAF1-7AD4-34BA-B04B-8CB29ECD2606}
		{53AAA9B7-08BA-394B-93EB-E0AE59B06D9E} = {53AAA9B7-08BA-394B-93EB-E0AE59B06D9E}
		{60A0D0FC-2201-3869-9279-588E02D46911} = {60A0D0FC-2201-3869-9279-588E02D46911}
		{30F2A327-C105-3057-A004-E78C58CB934B} = {30F2A327-C105-3057-A004-E78C58CB934B}
		{248A076C-F9BB-3B75-8A48-8CEEB64676FC} = {248A076C-F9BB-3B75-8A48-8CEEB64676FC}
		{0B43D3E5-D6E8-3FAA-B508-CD8D97EE8A8D} = {0B43D3E5-D6E8-3FAA-B508-CD8D97EE8A8D}
		{8BBD4CF2-08B6-3A33-BBC1-663A3489DBA2} = {8BBD4CF2-08B6-3A33-BBC1-663A3489DBA2}
		{8FABCCC6-E582-3F81-9C62-17D9A8FC3A53} = {8FABCCC6-E582-3F81-9C62-17D9A8FC3A53}
		{40216002-AB7A-3400-8011-AD8FE0B20C3F} = {40216002-AB7A-3400-8011-AD8FE0B20C3F}
		{AA61A160-6EB7-3A59-AEA1-408426D7A756} = {AA61A160-6EB7-3A59-AEA1-408426D7A756}
		{26483030-3EBC-35BD-A89E-B05602105A9E} = {26483030-3EBC-35BD-A89E-B05602105A9E}
		{32289D2B-C8B3-33C3-8520-C806EE9A30B6} = {32289D2B-C8B3-33C3-8520-C806EE9A30B6}
		{8CFA0ADC-A253-3AD4-A03C-9B3B5FB4C101} = {8CFA0ADC-A253-3AD4-A03C-9B3B5FB4C101}
		{57B7D81A-292D-30DF-B430-738FA6C3791F} = {57B7D81A-292D-30DF-B430-738FA6C3791F}
		{7B6AB12E-71FE-3812-9014-D9FF06AFDC2F} = {7B6AB12E-71FE-3812-9014-D9FF06AFDC2F}
		{E6CBC509-09B9-3B0C-97D4-4DCFF73DD03A} = {E6CBC509-09B9-3B0C-97D4-4DCFF73DD03A}
		{A2BFD7DD-BE0A-3485-8C82-22DA5067C63A} = {A2BFD7DD-BE0A-3485-8C82-22DA5067C63A}
		{7ABD299D-7A34-3353-9198-CE5CE95E49A2} = {7ABD299D-7A34-3353-9198-CE5CE95E49A2}
		{BF129710-7CDE-3F97-996D-CE685DBB722D} = {BF129710-7CDE-3F97-996D-CE685DBB722D}
		{D5D474E9-B2B1-3A93-B0FF-2159351DD05F} = {D5D474E9-B2B1-3A93-B0FF-2159351DD05F}
		{A137B710-5F0B-358E-869A-A9D453B1ECD0} = {A137B710-5F0B-358E-869A-A9D453B1ECD0}
		{F6F4B592-3BE0-3C9C-BF7C-69E941A2FDD9} = {F6F4B592-3BE0-3C9C-BF7C-69E941A2FDD9}
		{CAB8FA60-4FC7-3C22-B474-6F91D4BCBBDB} = {CAB8FA60-4FC7-3C22-B474-6F91D4BCBBDB}
		{797B6099-ECB2-3627-87D6-D4A0A097D9B3} = {797B6099-ECB2-3627-87D6-D4A0A097D9B3}
		{36B980AC-6445-3ACC-8ACA-4265A31A3322} = {36B980AC-6445-3ACC-8ACA-4265A31A3322}
		{A6735969-C0BA-3235-BF67-18D374F28E03} = {A6735969-C0BA-3235-BF67-18D374F28E03}
		{834E287F-2F21-35EC-8855-97B4F9593BF8} = {834E287F-2F21-35EC-8855-97B4F9593BF8}
	EndProjectSection
EndProject
Project("{8BC9CEB8-8B4A-11D0-8D11-00A0C91BC942}") = "CubeView", "test\CubeView.vcxproj", "{7E7FDFD0-93ED-35AC-8947-2994C91A5527}"
	ProjectSection(ProjectDependencies) = postProject
		{31379B80-7FB4-3415-B521-599B7C261D3F} = {31379B80-7FB4-3415-B521-599B7C261D3F}
		{93D59AD5-4211-3D42-A100-288828E39934} = {93D59AD5-4211-3D42-A100-288828E39934}
		{E291B050-3904-3EF3-B413-3C7E68108552} = {E291B050-3904-3EF3-B413-3C7E68108552}
		{2143502C-BA16-36D7-AD43-0DB56C7106B6} = {2143502C-BA16-36D7-AD43-0DB56C7106B6}
	EndProjectSection
EndProject
Project("{8BC9CEB8-8B4A-11D0-8D11-00A0C91BC942}") = "INSTALL", "INSTALL.vcxproj", "{89307C86-FA68-3FA2-92C8-09EE9CBCBA58}"
	ProjectSection(ProjectDependencies) = postProject
		{232DCD8E-8DFC-3D68-96C9-47A691AC7276} = {232DCD8E-8DFC-3D68-96C9-47A691AC7276}
		{31379B80-7FB4-3415-B521-599B7C261D3F} = {31379B80-7FB4-3415-B521-599B7C261D3F}
	EndProjectSection
EndProject
Project("{8BC9CEB8-8B4A-11D0-8D11-00A0C91BC942}") = "ZERO_CHECK", "ZERO_CHECK.vcxproj", "{31379B80-7FB4-3415-B521-599B7C261D3F}"
	ProjectSection(ProjectDependencies) = postProject
	EndProjectSection
EndProject
Project("{8BC9CEB8-8B4A-11D0-8D11-00A0C91BC942}") = "adjuster", "test\adjuster.vcxproj", "{DB1703C7-E4DB-3BF4-8A25-F19AA2A42998}"
	ProjectSection(ProjectDependencies) = postProject
		{31379B80-7FB4-3415-B521-599B7C261D3F} = {31379B80-7FB4-3415-B521-599B7C261D3F}
		{93D59AD5-4211-3D42-A100-288828E39934} = {93D59AD5-4211-3D42-A100-288828E39934}
	EndProjectSection
EndProject
Project("{8BC9CEB8-8B4A-11D0-8D11-00A0C91BC942}") = "arc", "test\arc.vcxproj", "{B83CC8F6-FFE3-3A49-8C3D-28DDEAC046C5}"
	ProjectSection(ProjectDependencies) = postProject
		{31379B80-7FB4-3415-B521-599B7C261D3F} = {31379B80-7FB4-3415-B521-599B7C261D3F}
		{93D59AD5-4211-3D42-A100-288828E39934} = {93D59AD5-4211-3D42-A100-288828E39934}
	EndProjectSection
EndProject
Project("{8BC9CEB8-8B4A-11D0-8D11-00A0C91BC942}") = "ask", "test\ask.vcxproj", "{15AB8170-1449-3068-BB6C-FF1D4CA643F9}"
	ProjectSection(ProjectDependencies) = postProject
		{31379B80-7FB4-3415-B521-599B7C261D3F} = {31379B80-7FB4-3415-B521-599B7C261D3F}
		{93D59AD5-4211-3D42-A100-288828E39934} = {93D59AD5-4211-3D42-A100-288828E39934}
	EndProjectSection
EndProject
Project("{8BC9CEB8-8B4A-11D0-8D11-00A0C91BC942}") = "bitmap", "test\bitmap.vcxproj", "{2A617F6A-206C-3642-88A9-24E2BFD66ECA}"
	ProjectSection(ProjectDependencies) = postProject
		{31379B80-7FB4-3415-B521-599B7C261D3F} = {31379B80-7FB4-3415-B521-599B7C261D3F}
		{93D59AD5-4211-3D42-A100-288828E39934} = {93D59AD5-4211-3D42-A100-288828E39934}
	EndProjectSection
EndProject
Project("{8BC9CEB8-8B4A-11D0-8D11-00A0C91BC942}") = "blocks", "test\blocks.vcxproj", "{8B76127F-F4F3-321B-B4C2-0F940EE68028}"
	ProjectSection(ProjectDependencies) = postProject
		{31379B80-7FB4-3415-B521-599B7C261D3F} = {31379B80-7FB4-3415-B521-599B7C261D3F}
		{93D59AD5-4211-3D42-A100-288828E39934} = {93D59AD5-4211-3D42-A100-288828E39934}
	EndProjectSection
EndProject
Project("{8BC9CEB8-8B4A-11D0-8D11-00A0C91BC942}") = "boxtype", "test\boxtype.vcxproj", "{2AFCBBC6-42D3-3EFE-845E-D5839C1B38A2}"
	ProjectSection(ProjectDependencies) = postProject
		{31379B80-7FB4-3415-B521-599B7C261D3F} = {31379B80-7FB4-3415-B521-599B7C261D3F}
		{93D59AD5-4211-3D42-A100-288828E39934} = {93D59AD5-4211-3D42-A100-288828E39934}
	EndProjectSection
EndProject
Project("{8BC9CEB8-8B4A-11D0-8D11-00A0C91BC942}") = "browser", "test\browser.vcxproj", "{4C754A9F-12E0-3834-B504-5378724C639E}"
	ProjectSection(ProjectDependencies) = postProject
		{31379B80-7FB4-3415-B521-599B7C261D3F} = {31379B80-7FB4-3415-B521-599B7C261D3F}
		{93D59AD5-4211-3D42-A100-288828E39934} = {93D59AD5-4211-3D42-A100-288828E39934}
	EndProjectSection
EndProject
Project("{8BC9CEB8-8B4A-11D0-8D11-00A0C91BC942}") = "button", "test\button.vcxproj", "{013DB0EC-531E-3945-A726-A2EA1FC6D3E6}"
	ProjectSection(ProjectDependencies) = postProject
		{31379B80-7FB4-3415-B521-599B7C261D3F} = {31379B80-7FB4-3415-B521-599B7C261D3F}
		{93D59AD5-4211-3D42-A100-288828E39934} = {93D59AD5-4211-3D42-A100-288828E39934}
	EndProjectSection
EndProject
Project("{8BC9CEB8-8B4A-11D0-8D11-00A0C91BC942}") = "buttons", "test\buttons.vcxproj", "{937F9157-0509-3E5A-8F05-B8AEBF71FEC6}"
	ProjectSection(ProjectDependencies) = postProject
		{31379B80-7FB4-3415-B521-599B7C261D3F} = {31379B80-7FB4-3415-B521-599B7C261D3F}
		{93D59AD5-4211-3D42-A100-288828E39934} = {93D59AD5-4211-3D42-A100-288828E39934}
	EndProjectSection
EndProject
Project("{8BC9CEB8-8B4A-11D0-8D11-00A0C91BC942}") = "checkers", "test\checkers.vcxproj", "{087935E8-8BF8-3C4C-AA7C-424AEDA2766E}"
	ProjectSection(ProjectDependencies) = postProject
		{31379B80-7FB4-3415-B521-599B7C261D3F} = {31379B80-7FB4-3415-B521-599B7C261D3F}
		{93D59AD5-4211-3D42-A100-288828E39934} = {93D59AD5-4211-3D42-A100-288828E39934}
	EndProjectSection
EndProject
Project("{8BC9CEB8-8B4A-11D0-8D11-00A0C91BC942}") = "clock", "test\clock.vcxproj", "{DCB1AC48-89C9-3104-B05A-A2690D8E25DE}"
	ProjectSection(ProjectDependencies) = postProject
		{31379B80-7FB4-3415-B521-599B7C261D3F} = {31379B80-7FB4-3415-B521-599B7C261D3F}
		{93D59AD5-4211-3D42-A100-288828E39934} = {93D59AD5-4211-3D42-A100-288828E39934}
	EndProjectSection
EndProject
Project("{8BC9CEB8-8B4A-11D0-8D11-00A0C91BC942}") = "colbrowser", "test\colbrowser.vcxproj", "{1E19ACE4-ADDE-3A4D-8BED-D4EEC0F459C9}"
	ProjectSection(ProjectDependencies) = postProject
		{31379B80-7FB4-3415-B521-599B7C261D3F} = {31379B80-7FB4-3415-B521-599B7C261D3F}
		{93D59AD5-4211-3D42-A100-288828E39934} = {93D59AD5-4211-3D42-A100-288828E39934}
		{7A5FF2AE-C45F-3232-BF83-62B15857E89B} = {7A5FF2AE-C45F-3232-BF83-62B15857E89B}
	EndProjectSection
EndProject
Project("{8BC9CEB8-8B4A-11D0-8D11-00A0C91BC942}") = "color_chooser", "test\color_chooser.vcxproj", "{93DF7F1B-D45E-3877-9302-E00284D0BAD9}"
	ProjectSection(ProjectDependencies) = postProject
		{31379B80-7FB4-3415-B521-599B7C261D3F} = {31379B80-7FB4-3415-B521-599B7C261D3F}
		{93D59AD5-4211-3D42-A100-288828E39934} = {93D59AD5-4211-3D42-A100-288828E39934}
	EndProjectSection
EndProject
Project("{8BC9CEB8-8B4A-11D0-8D11-00A0C91BC942}") = "cube", "test\cube.vcxproj", "{7E34D247-C20B-3A1C-B257-80B7EC9CC14F}"
	ProjectSection(ProjectDependencies) = postProject
		{31379B80-7FB4-3415-B521-599B7C261D3F} = {31379B80-7FB4-3415-B521-599B7C261D3F}
		{93D59AD5-4211-3D42-A100-288828E39934} = {93D59AD5-4211-3D42-A100-288828E39934}
		{E291B050-3904-3EF3-B413-3C7E68108552} = {E291B050-3904-3EF3-B413-3C7E68108552}
	EndProjectSection
EndProject
Project("{8BC9CEB8-8B4A-11D0-8D11-00A0C91BC942}") = "cursor", "test\cursor.vcxproj", "{5EE0169F-0C2E-37BE-ADEE-0366E3D76D80}"
	ProjectSection(ProjectDependencies) = postProject
		{31379B80-7FB4-3415-B521-599B7C261D3F} = {31379B80-7FB4-3415-B521-599B7C261D3F}
		{93D59AD5-4211-3D42-A100-288828E39934} = {93D59AD5-4211-3D42-A100-288828E39934}
	EndProjectSection
EndProject
Project("{8BC9CEB8-8B4A-11D0-8D11-00A0C91BC942}") = "curve", "test\curve.vcxproj", "{7599B95D-1DF7-3B5F-AA5B-7D76591491AE}"
	ProjectSection(ProjectDependencies) = postProject
		{31379B80-7FB4-3415-B521-599B7C261D3F} = {31379B80-7FB4-3415-B521-599B7C261D3F}
		{93D59AD5-4211-3D42-A100-288828E39934} = {93D59AD5-4211-3D42-A100-288828E39934}
	EndProjectSection
EndProject
Project("{8BC9CEB8-8B4A-11D0-8D11-00A0C91BC942}") = "demo", "test\demo.vcxproj", "{C727106D-6407-386A-913F-D3584C974691}"
	ProjectSection(ProjectDependencies) = postProject
		{31379B80-7FB4-3415-B521-599B7C261D3F} = {31379B80-7FB4-3415-B521-599B7C261D3F}
		{93D59AD5-4211-3D42-A100-288828E39934} = {93D59AD5-4211-3D42-A100-288828E39934}
		{7A5FF2AE-C45F-3232-BF83-62B15857E89B} = {7A5FF2AE-C45F-3232-BF83-62B15857E89B}
	EndProjectSection
EndProject
Project("{8BC9CEB8-8B4A-11D0-8D11-00A0C91BC942}") = "device", "test\device.vcxproj", "{9C7F6F57-5AE4-3247-B437-AD9D86F4A6F9}"
	ProjectSection(ProjectDependencies) = postProject
		{31379B80-7FB4-3415-B521-599B7C261D3F} = {31379B80-7FB4-3415-B521-599B7C261D3F}
		{93D59AD5-4211-3D42-A100-288828E39934} = {93D59AD5-4211-3D42-A100-288828E39934}
	EndProjectSection
EndProject
Project("{8BC9CEB8-8B4A-11D0-8D11-00A0C91BC942}") = "doublebuffer", "test\doublebuffer.vcxproj", "{32395972-E1C6-3180-88BC-09E0C09C5177}"
	ProjectSection(ProjectDependencies) = postProject
		{31379B80-7FB4-3415-B521-599B7C261D3F} = {31379B80-7FB4-3415-B521-599B7C261D3F}
		{93D59AD5-4211-3D42-A100-288828E39934} = {93D59AD5-4211-3D42-A100-288828E39934}
	EndProjectSection
EndProject
Project("{8BC9CEB8-8B4A-11D0-8D11-00A0C91BC942}") = "editor", "test\editor.vcxproj", "{A34559EE-D1D9-3B1C-9DC9-15DAF13853E2}"
	ProjectSection(ProjectDependencies) = postProject
		{31379B80-7FB4-3415-B521-599B7C261D3F} = {31379B80-7FB4-3415-B521-599B7C261D3F}
		{93D59AD5-4211-3D42-A100-288828E39934} = {93D59AD5-4211-3D42-A100-288828E39934}
	EndProjectSection
EndProject
Project("{8BC9CEB8-8B4A-11D0-8D11-00A0C91BC942}") = "fast_slow", "test\fast_slow.vcxproj", "{68204577-ABAA-3B58-97AE-4DCC8D82549D}"
	ProjectSection(ProjectDependencies) = postProject
		{31379B80-7FB4-3415-B521-599B7C261D3F} = {31379B80-7FB4-3415-B521-599B7C261D3F}
		{93D59AD5-4211-3D42-A100-288828E39934} = {93D59AD5-4211-3D42-A100-288828E39934}
		{2143502C-BA16-36D7-AD43-0DB56C7106B6} = {2143502C-BA16-36D7-AD43-0DB56C7106B6}
	EndProjectSection
EndProject
Project("{8BC9CEB8-8B4A-11D0-8D11-00A0C91BC942}") = "file_chooser", "test\file_chooser.vcxproj", "{3708AF23-5DD0-30E3-A2B6-A3E9D9D890EC}"
	ProjectSection(ProjectDependencies) = postProject
		{31379B80-7FB4-3415-B521-599B7C261D3F} = {31379B80-7FB4-3415-B521-599B7C261D3F}
		{93D59AD5-4211-3D42-A100-288828E39934} = {93D59AD5-4211-3D42-A100-288828E39934}
		{49673B5C-C9F6-3528-8450-F5D9806A2FB2} = {49673B5C-C9F6-3528-8450-F5D9806A2FB2}
		{A4AB9075-0DED-326C-8C99-4A35E2C0342E} = {A4AB9075-0DED-326C-8C99-4A35E2C0342E}
		{E67EC735-13F6-3CC3-A338-C020141938B8} = {E67EC735-13F6-3CC3-A338-C020141938B8}
		{ACC6EE2B-0A1B-3EA5-AE09-C62733ED466F} = {ACC6EE2B-0A1B-3EA5-AE09-C62733ED466F}
	EndProjectSection
EndProject
Project("{8BC9CEB8-8B4A-11D0-8D11-00A0C91BC942}") = "fltk", "src\fltk.vcxproj", "{93D59AD5-4211-3D42-A100-288828E39934}"
	ProjectSection(ProjectDependencies) = postProject
		{31379B80-7FB4-3415-B521-599B7C261D3F} = {31379B80-7FB4-3415-B521-599B7C261D3F}
	EndProjectSection
EndProject
Project("{8BC9CEB8-8B4A-11D0-8D11-00A0C91BC942}") = "fltk_forms", "src\fltk_forms.vcxproj", "{7A5FF2AE-C45F-3232-BF83-62B15857E89B}"
	ProjectSection(ProjectDependencies) = postProject
		{31379B80-7FB4-3415-B521-599B7C261D3F} = {31379B80-7FB4-3415-B521-599B7C261D3F}
		{93D59AD5-4211-3D42-A100-288828E39934} = {93D59AD5-4211-3D42-A100-288828E39934}
	EndProjectSection
EndProject
Project("{8BC9CEB8-8B4A-11D0-8D11-00A0C91BC942}") = "fltk_gl", "src\fltk_gl.vcxproj", "{E291B050-3904-3EF3-B413-3C7E68108552}"
	ProjectSection(ProjectDependencies) = postProject
		{31379B80-7FB4-3415-B521-599B7C261D3F} = {31379B80-7FB4-3415-B521-599B7C261D3F}
		{93D59AD5-4211-3D42-A100-288828E39934} = {93D59AD5-4211-3D42-A100-288828E39934}
	EndProjectSection
EndProject
Project("{8BC9CEB8-8B4A-11D0-8D11-00A0C91BC942}") = "fltk_images", "src\fltk_images.vcxproj", "{49673B5C-C9F6-3528-8450-F5D9806A2FB2}"
	ProjectSection(ProjectDependencies) = postProject
		{31379B80-7FB4-3415-B521-599B7C261D3F} = {31379B80-7FB4-3415-B521-599B7C261D3F}
		{93D59AD5-4211-3D42-A100-288828E39934} = {93D59AD5-4211-3D42-A100-288828E39934}
		{A4AB9075-0DED-326C-8C99-4A35E2C0342E} = {A4AB9075-0DED-326C-8C99-4A35E2C0342E}
		{E67EC735-13F6-3CC3-A338-C020141938B8} = {E67EC735-13F6-3CC3-A338-C020141938B8}
		{ACC6EE2B-0A1B-3EA5-AE09-C62733ED466F} = {ACC6EE2B-0A1B-3EA5-AE09-C62733ED466F}
	EndProjectSection
EndProject
Project("{8BC9CEB8-8B4A-11D0-8D11-00A0C91BC942}") = "fltk_jpeg", "jpeg\fltk_jpeg.vcxproj", "{A4AB9075-0DED-326C-8C99-4A35E2C0342E}"
	ProjectSection(ProjectDependencies) = postProject
		{31379B80-7FB4-3415-B521-599B7C261D3F} = {31379B80-7FB4-3415-B521-599B7C261D3F}
	EndProjectSection
EndProject
Project("{8BC9CEB8-8B4A-11D0-8D11-00A0C91BC942}") = "fltk_png", "png\fltk_png.vcxproj", "{E67EC735-13F6-3CC3-A338-C020141938B8}"
	ProjectSection(ProjectDependencies) = postProject
		{31379B80-7FB4-3415-B521-599B7C261D3F} = {31379B80-7FB4-3415-B521-599B7C261D3F}
		{ACC6EE2B-0A1B-3EA5-AE09-C62733ED466F} = {ACC6EE2B-0A1B-3EA5-AE09-C62733ED466F}
	EndProjectSection
EndProject
Project("{8BC9CEB8-8B4A-11D0-8D11-00A0C91BC942}") = "fltk_z", "zlib\fltk_z.vcxproj", "{ACC6EE2B-0A1B-3EA5-AE09-C62733ED466F}"
	ProjectSection(ProjectDependencies) = postProject
		{31379B80-7FB4-3415-B521-599B7C261D3F} = {31379B80-7FB4-3415-B521-599B7C261D3F}
	EndProjectSection
EndProject
Project("{8BC9CEB8-8B4A-11D0-8D11-00A0C91BC942}") = "fluid", "fluid\fluid.vcxproj", "{2143502C-BA16-36D7-AD43-0DB56C7106B6}"
	ProjectSection(ProjectDependencies) = postProject
		{31379B80-7FB4-3415-B521-599B7C261D3F} = {31379B80-7FB4-3415-B521-599B7C261D3F}
		{93D59AD5-4211-3D42-A100-288828E39934} = {93D59AD5-4211-3D42-A100-288828E39934}
		{7A5FF2AE-C45F-3232-BF83-62B15857E89B} = {7A5FF2AE-C45F-3232-BF83-62B15857E89B}
		{49673B5C-C9F6-3528-8450-F5D9806A2FB2} = {49673B5C-C9F6-3528-8450-F5D9806A2FB2}
		{A4AB9075-0DED-326C-8C99-4A35E2C0342E} = {A4AB9075-0DED-326C-8C99-4A35E2C0342E}
		{E67EC735-13F6-3CC3-A338-C020141938B8} = {E67EC735-13F6-3CC3-A338-C020141938B8}
		{ACC6EE2B-0A1B-3EA5-AE09-C62733ED466F} = {ACC6EE2B-0A1B-3EA5-AE09-C62733ED466F}
	EndProjectSection
EndProject
Project("{8BC9CEB8-8B4A-11D0-8D11-00A0C91BC942}") = "fonts", "test\fonts.vcxproj", "{4BDC00EC-8183-3508-95B4-477AFFC5DB17}"
	ProjectSection(ProjectDependencies) = postProject
		{31379B80-7FB4-3415-B521-599B7C261D3F} = {31379B80-7FB4-3415-B521-599B7C261D3F}
		{93D59AD5-4211-3D42-A100-288828E39934} = {93D59AD5-4211-3D42-A100-288828E39934}
	EndProjectSection
EndProject
Project("{8BC9CEB8-8B4A-11D0-8D11-00A0C91BC942}") = "forms", "test\forms.vcxproj", "{D8A9B034-6E96-3690-B129-ADA78E5A4884}"
	ProjectSection(ProjectDependencies) = postProject
		{31379B80-7FB4-3415-B521-599B7C261D3F} = {31379B80-7FB4-3415-B521-599B7C261D3F}
		{93D59AD5-4211-3D42-A100-288828E39934} = {93D59AD5-4211-3D42-A100-288828E39934}
		{7A5FF2AE-C45F-3232-BF83-62B15857E89B} = {7A5FF2AE-C45F-3232-BF83-62B15857E89B}
	EndProjectSection
EndProject
Project("{8BC9CEB8-8B4A-11D0-8D11-00A0C91BC942}") = "fractals", "test\fractals.vcxproj", "{860D4D6C-6A37-36A1-93EC-DD522AF0EEA3}"
	ProjectSection(ProjectDependencies) = postProject
		{31379B80-7FB4-3415-B521-599B7C261D3F} = {31379B80-7FB4-3415-B521-599B7C261D3F}
		{93D59AD5-4211-3D42-A100-288828E39934} = {93D59AD5-4211-3D42-A100-288828E39934}
		{E291B050-3904-3EF3-B413-3C7E68108552} = {E291B050-3904-3EF3-B413-3C7E68108552}
	EndProjectSection
EndProject
Project("{8BC9CEB8-8B4A-11D0-8D11-00A0C91BC942}") = "fullscreen", "test\fullscreen.vcxproj", "{B373E8AE-35C0-36F5-9FB2-0A2F5AF257C7}"
	ProjectSection(ProjectDependencies) = postProject
		{31379B80-7FB4-3415-B521-599B7C261D3F} = {31379B80-7FB4-3415-B521-599B7C261D3F}
		{93D59AD5-4211-3D42-A100-288828E39934} = {93D59AD5-4211-3D42-A100-288828E39934}
		{E291B050-3904-3EF3-B413-3C7E68108552} = {E291B050-3904-3EF3-B413-3C7E68108552}
	EndProjectSection
EndProject
Project("{8BC9CEB8-8B4A-11D0-8D11-00A0C91BC942}") = "gl_overlay", "test\gl_overlay.vcxproj", "{509223C5-5607-3554-899F-F90423B9162F}"
	ProjectSection(ProjectDependencies) = postProject
		{31379B80-7FB4-3415-B521-599B7C261D3F} = {31379B80-7FB4-3415-B521-599B7C261D3F}
		{93D59AD5-4211-3D42-A100-288828E39934} = {93D59AD5-4211-3D42-A100-288828E39934}
		{E291B050-3904-3EF3-B413-3C7E68108552} = {E291B050-3904-3EF3-B413-3C7E68108552}
	EndProjectSection
EndProject
Project("{8BC9CEB8-8B4A-11D0-8D11-00A0C91BC942}") = "glpuzzle", "test\glpuzzle.vcxproj", "{473AF4AB-FEF8-35B4-9E5B-CD048313D740}"
	ProjectSection(ProjectDependencies) = postProject
		{31379B80-7FB4-3415-B521-599B7C261D3F} = {31379B80-7FB4-3415-B521-599B7C261D3F}
		{93D59AD5-4211-3D42-A100-288828E39934} = {93D59AD5-4211-3D42-A100-288828E39934}
		{E291B050-3904-3EF3-B413-3C7E68108552} = {E291B050-3904-3EF3-B413-3C7E68108552}
	EndProjectSection
EndProject
Project("{8BC9CEB8-8B4A-11D0-8D11-00A0C91BC942}") = "hello", "test\hello.vcxproj", "{F09D9659-F454-34B7-81FE-4B16B832FF1C}"
	ProjectSection(ProjectDependencies) = postProject
		{31379B80-7FB4-3415-B521-599B7C261D3F} = {31379B80-7FB4-3415-B521-599B7C261D3F}
		{93D59AD5-4211-3D42-A100-288828E39934} = {93D59AD5-4211-3D42-A100-288828E39934}
	EndProjectSection
EndProject
Project("{8BC9CEB8-8B4A-11D0-8D11-00A0C91BC942}") = "icon", "test\icon.vcxproj", "{401DB89D-8ECC-329D-933A-962B84FCB655}"
	ProjectSection(ProjectDependencies) = postProject
		{31379B80-7FB4-3415-B521-599B7C261D3F} = {31379B80-7FB4-3415-B521-599B7C261D3F}
		{93D59AD5-4211-3D42-A100-288828E39934} = {93D59AD5-4211-3D42-A100-288828E39934}
	EndProjectSection
EndProject
Project("{8BC9CEB8-8B4A-11D0-8D11-00A0C91BC942}") = "iconize", "test\iconize.vcxproj", "{828A0033-B677-3EB2-AA15-CACE442CC74E}"
	ProjectSection(ProjectDependencies) = postProject
		{31379B80-7FB4-3415-B521-599B7C261D3F} = {31379B80-7FB4-3415-B521-599B7C261D3F}
		{93D59AD5-4211-3D42-A100-288828E39934} = {93D59AD5-4211-3D42-A100-288828E39934}
	EndProjectSection
EndProject
Project("{8BC9CEB8-8B4A-11D0-8D11-00A0C91BC942}") = "image", "test\image.vcxproj", "{D0CCCF0E-660C-3107-8AA7-C67EF9932F74}"
	ProjectSection(ProjectDependencies) = postProject
		{31379B80-7FB4-3415-B521-599B7C261D3F} = {31379B80-7FB4-3415-B521-599B7C261D3F}
		{93D59AD5-4211-3D42-A100-288828E39934} = {93D59AD5-4211-3D42-A100-288828E39934}
	EndProjectSection
EndProject
Project("{8BC9CEB8-8B4A-11D0-8D11-00A0C91BC942}") = "inactive", "test\inactive.vcxproj", "{09366263-F235-3A1D-90DA-075429D1AB40}"
	ProjectSection(ProjectDependencies) = postProject
		{31379B80-7FB4-3415-B521-599B7C261D3F} = {31379B80-7FB4-3415-B521-599B7C261D3F}
		{93D59AD5-4211-3D42-A100-288828E39934} = {93D59AD5-4211-3D42-A100-288828E39934}
		{2143502C-BA16-36D7-AD43-0DB56C7106B6} = {2143502C-BA16-36D7-AD43-0DB56C7106B6}
	EndProjectSection
EndProject
Project("{8BC9CEB8-8B4A-11D0-8D11-00A0C91BC942}") = "input", "test\input.vcxproj", "{22E08BC7-2A80-3BD0-8EC8-1913DAECD8C7}"
	ProjectSection(ProjectDependencies) = postProject
		{31379B80-7FB4-3415-B521-599B7C261D3F} = {31379B80-7FB4-3415-B521-599B7C261D3F}
		{93D59AD5-4211-3D42-A100-288828E39934} = {93D59AD5-4211-3D42-A100-288828E39934}
	EndProjectSection
EndProject
Project("{8BC9CEB8-8B4A-11D0-8D11-00A0C91BC942}") = "input_choice", "test\input_choice.vcxproj", "{D85A7D30-C785-3134-B095-ACA947D4CDED}"
	ProjectSection(ProjectDependencies) = postProject
		{31379B80-7FB4-3415-B521-599B7C261D3F} = {31379B80-7FB4-3415-B521-599B7C261D3F}
		{93D59AD5-4211-3D42-A100-288828E39934} = {93D59AD5-4211-3D42-A100-288828E39934}
	EndProjectSection
EndProject
Project("{8BC9CEB8-8B4A-11D0-8D11-00A0C91BC942}") = "keyboard", "test\keyboard.vcxproj", "{8AE14C42-AD6E-3FD5-BF58-65BAFCB4F558}"
	ProjectSection(ProjectDependencies) = postProject
		{31379B80-7FB4-3415-B521-599B7C261D3F} = {31379B80-7FB4-3415-B521-599B7C261D3F}
		{93D59AD5-4211-3D42-A100-288828E39934} = {93D59AD5-4211-3D42-A100-288828E39934}
		{2143502C-BA16-36D7-AD43-0DB56C7106B6} = {2143502C-BA16-36D7-AD43-0DB56C7106B6}
	EndProjectSection
EndProject
Project("{8BC9CEB8-8B4A-11D0-8D11-00A0C91BC942}") = "label", "test\label.vcxproj", "{E585FC7D-B92A-3EFA-A860-B1B7DF37729E}"
	ProjectSection(ProjectDependencies) = postProject
		{31379B80-7FB4-3415-B521-599B7C261D3F} = {31379B80-7FB4-3415-B521-599B7C261D3F}
		{93D59AD5-4211-3D42-A100-288828E39934} = {93D59AD5-4211-3D42-A100-288828E39934}
		{7A5FF2AE-C45F-3232-BF83-62B15857E89B} = {7A5FF2AE-C45F-3232-BF83-62B15857E89B}
	EndProjectSection
EndProject
Project("{8BC9CEB8-8B4A-11D0-8D11-00A0C91BC942}") = "line_style", "test\line_style.vcxproj", "{CE97D16D-7BA8-3EC0-8EDC-A99FCABF0908}"
	ProjectSection(ProjectDependencies) = postProject
		{31379B80-7FB4-3415-B521-599B7C261D3F} = {31379B80-7FB4-3415-B521-599B7C261D3F}
		{93D59AD5-4211-3D42-A100-288828E39934} = {93D59AD5-4211-3D42-A100-288828E39934}
	EndProjectSection
EndProject
Project("{8BC9CEB8-8B4A-11D0-8D11-00A0C91BC942}") = "list_visuals", "test\list_visuals.vcxproj", "{EA8C9CB8-C485-30F5-85B7-AE4EF459C8B5}"
	ProjectSection(ProjectDependencies) = postProject
		{31379B80-7FB4-3415-B521-599B7C261D3F} = {31379B80-7FB4-3415-B521-599B7C261D3F}
		{93D59AD5-4211-3D42-A100-288828E39934} = {93D59AD5-4211-3D42-A100-288828E39934}
	EndProjectSection
EndProject
Project("{8BC9CEB8-8B4A-11D0-8D11-00A0C91BC942}") = "mandelbrot", "test\mandelbrot.vcxproj", "{6F96F70E-E97D-3571-9D81-13E3A3A55C3A}"
	ProjectSection(ProjectDependencies) = postProject
		{31379B80-7FB4-3415-B521-599B7C261D3F} = {31379B80-7FB4-3415-B521-599B7C261D3F}
		{93D59AD5-4211-3D42-A100-288828E39934} = {93D59AD5-4211-3D42-A100-288828E39934}
		{2143502C-BA16-36D7-AD43-0DB56C7106B6} = {2143502C-BA16-36D7-AD43-0DB56C7106B6}
	EndProjectSection
EndProject
Project("{8BC9CEB8-8B4A-11D0-8D11-00A0C91BC942}") = "menubar", "test\menubar.vcxproj", "{C2DEEAAC-FDC9-3264-87CF-CDB1BF971CC1}"
	ProjectSection(ProjectDependencies) = postProject
		{31379B80-7FB4-3415-B521-599B7C261D3F} = {31379B80-7FB4-3415-B521-599B7C261D3F}
		{93D59AD5-4211-3D42-A100-288828E39934} = {93D59AD5-4211-3D42-A100-288828E39934}
	EndProjectSection
EndProject
Project("{8BC9CEB8-8B4A-11D0-8D11-00A0C91BC942}") = "message", "test\message.vcxproj", "{2D5A5D68-CF25-37B0-9983-3A8942000D9D}"
	ProjectSection(ProjectDependencies) = postProject
		{31379B80-7FB4-3415-B521-599B7C261D3F} = {31379B80-7FB4-3415-B521-599B7C261D3F}
		{93D59AD5-4211-3D42-A100-288828E39934} = {93D59AD5-4211-3D42-A100-288828E39934}
	EndProjectSection
EndProject
Project("{8BC9CEB8-8B4A-11D0-8D11-00A0C91BC942}") = "minimum", "test\minimum.vcxproj", "{82358479-45C3-345D-9FB8-12113064537C}"
	ProjectSection(ProjectDependencies) = postProject
		{31379B80-7FB4-3415-B521-599B7C261D3F} = {31379B80-7FB4-3415-B521-599B7C261D3F}
		{93D59AD5-4211-3D42-A100-288828E39934} = {93D59AD5-4211-3D42-A100-288828E39934}
	EndProjectSection
EndProject
Project("{8BC9CEB8-8B4A-11D0-8D11-00A0C91BC942}") = "native-filechooser", "test\native-filechooser.vcxproj", "{173E1E8C-41F5-37AC-B722-3D467FD87507}"
	ProjectSection(ProjectDependencies) = postProject
		{31379B80-7FB4-3415-B521-599B7C261D3F} = {31379B80-7FB4-3415-B521-599B7C261D3F}
		{93D59AD5-4211-3D42-A100-288828E39934} = {93D59AD5-4211-3D42-A100-288828E39934}
		{49673B5C-C9F6-3528-8450-F5D9806A2FB2} = {49673B5C-C9F6-3528-8450-F5D9806A2FB2}
		{A4AB9075-0DED-326C-8C99-4A35E2C0342E} = {A4AB9075-0DED-326C-8C99-4A35E2C0342E}
		{E67EC735-13F6-3CC3-A338-C020141938B8} = {E67EC735-13F6-3CC3-A338-C020141938B8}
		{ACC6EE2B-0A1B-3EA5-AE09-C62733ED466F} = {ACC6EE2B-0A1B-3EA5-AE09-C62733ED466F}
	EndProjectSection
EndProject
Project("{8BC9CEB8-8B4A-11D0-8D11-00A0C91BC942}") = "navigation", "test\navigation.vcxproj", "{8EC97D3B-8DFD-387A-9E05-D276B8A93C72}"
	ProjectSection(ProjectDependencies) = postProject
		{31379B80-7FB4-3415-B521-599B7C261D3F} = {31379B80-7FB4-3415-B521-599B7C261D3F}
		{93D59AD5-4211-3D42-A100-288828E39934} = {93D59AD5-4211-3D42-A100-288828E39934}
	EndProjectSection
EndProject
Project("{8BC9CEB8-8B4A-11D0-8D11-00A0C91BC942}") = "output", "test\output.vcxproj", "{2F42FAF1-7AD4-34BA-B04B-8CB29ECD2606}"
	ProjectSection(ProjectDependencies) = postProject
		{31379B80-7FB4-3415-B521-599B7C261D3F} = {31379B80-7FB4-3415-B521-599B7C261D3F}
		{93D59AD5-4211-3D42-A100-288828E39934} = {93D59AD5-4211-3D42-A100-288828E39934}
		{7A5FF2AE-C45F-3232-BF83-62B15857E89B} = {7A5FF2AE-C45F-3232-BF83-62B15857E89B}
	EndProjectSection
EndProject
Project("{8BC9CEB8-8B4A-11D0-8D11-00A0C91BC942}") = "overlay", "test\overlay.vcxproj", "{53AAA9B7-08BA-394B-93EB-E0AE59B06D9E}"
	ProjectSection(ProjectDependencies) = postProject
		{31379B80-7FB4-3415-B521-599B7C261D3F} = {31379B80-7FB4-3415-B521-599B7C261D3F}
		{93D59AD5-4211-3D42-A100-288828E39934} = {93D59AD5-4211-3D42-A100-288828E39934}
	EndProjectSection
EndProject
Project("{8BC9CEB8-8B4A-11D0-8D11-00A0C91BC942}") = "pack", "test\pack.vcxproj", "{60A0D0FC-2201-3869-9279-588E02D46911}"
	ProjectSection(ProjectDependencies) = postProject
		{31379B80-7FB4-3415-B521-599B7C261D3F} = {31379B80-7FB4-3415-B521-599B7C261D3F}
		{93D59AD5-4211-3D42-A100-288828E39934} = {93D59AD5-4211-3D42-A100-288828E39934}
	EndProjectSection
EndProject
Project("{8BC9CEB8-8B4A-11D0-8D11-00A0C91BC942}") = "pixmap", "test\pixmap.vcxproj", "{30F2A327-C105-3057-A004-E78C58CB934B}"
	ProjectSection(ProjectDependencies) = postProject
		{31379B80-7FB4-3415-B521-599B7C261D3F} = {31379B80-7FB4-3415-B521-599B7C261D3F}
		{93D59AD5-4211-3D42-A100-288828E39934} = {93D59AD5-4211-3D42-A100-288828E39934}
	EndProjectSection
EndProject
Project("{8BC9CEB8-8B4A-11D0-8D11-00A0C91BC942}") = "pixmap_browser", "test\pixmap_browser.vcxproj", "{248A076C-F9BB-3B75-8A48-8CEEB64676FC}"
	ProjectSection(ProjectDependencies) = postProject
		{31379B80-7FB4-3415-B521-599B7C261D3F} = {31379B80-7FB4-3415-B521-599B7C261D3F}
		{93D59AD5-4211-3D42-A100-288828E39934} = {93D59AD5-4211-3D42-A100-288828E39934}
		{49673B5C-C9F6-3528-8450-F5D9806A2FB2} = {49673B5C-C9F6-3528-8450-F5D9806A2FB2}
		{A4AB9075-0DED-326C-8C99-4A35E2C0342E} = {A4AB9075-0DED-326C-8C99-4A35E2C0342E}
		{E67EC735-13F6-3CC3-A338-C020141938B8} = {E67EC735-13F6-3CC3-A338-C020141938B8}
		{ACC6EE2B-0A1B-3EA5-AE09-C62733ED466F} = {ACC6EE2B-0A1B-3EA5-AE09-C62733ED466F}
	EndProjectSection
EndProject
Project("{8BC9CEB8-8B4A-11D0-8D11-00A0C91BC942}") = "preferences", "test\preferences.vcxproj", "{0B43D3E5-D6E8-3FAA-B508-CD8D97EE8A8D}"
	ProjectSection(ProjectDependencies) = postProject
		{31379B80-7FB4-3415-B521-599B7C261D3F} = {31379B80-7FB4-3415-B521-599B7C261D3F}
		{93D59AD5-4211-3D42-A100-288828E39934} = {93D59AD5-4211-3D42-A100-288828E39934}
		{2143502C-BA16-36D7-AD43-0DB56C7106B6} = {2143502C-BA16-36D7-AD43-0DB56C7106B6}
	EndProjectSection
EndProject
Project("{8BC9CEB8-8B4A-11D0-8D11-00A0C91BC942}") = "radio", "test\radio.vcxproj", "{8BBD4CF2-08B6-3A33-BBC1-663A3489DBA2}"
	ProjectSection(ProjectDependencies) = postProject
		{31379B80-7FB4-3415-B521-599B7C261D3F} = {31379B80-7FB4-3415-B521-599B7C261D3F}
		{93D59AD5-4211-3D42-A100-288828E39934} = {93D59AD5-4211-3D42-A100-288828E39934}
		{2143502C-BA16-36D7-AD43-0DB56C7106B6} = {2143502C-BA16-36D7-AD43-0DB56C7106B6}
	EndProjectSection
EndProject
Project("{8BC9CEB8-8B4A-11D0-8D11-00A0C91BC942}") = "resize", "test\resize.vcxproj", "{8FABCCC6-E582-3F81-9C62-17D9A8FC3A53}"
	ProjectSection(ProjectDependencies) = postProject
		{31379B80-7FB4-3415-B521-599B7C261D3F} = {31379B80-7FB4-3415-B521-599B7C261D3F}
		{93D59AD5-4211-3D42-A100-288828E39934} = {93D59AD5-4211-3D42-A100-288828E39934}
		{2143502C-BA16-36D7-AD43-0DB56C7106B6} = {2143502C-BA16-36D7-AD43-0DB56C7106B6}
	EndProjectSection
EndProject
Project("{8BC9CEB8-8B4A-11D0-8D11-00A0C91BC942}") = "resizebox", "test\resizebox.vcxproj", "{40216002-AB7A-3400-8011-AD8FE0B20C3F}"
	ProjectSection(ProjectDependencies) = postProject
		{31379B80-7FB4-3415-B521-599B7C261D3F} = {31379B80-7FB4-3415-B521-599B7C261D3F}
		{93D59AD5-4211-3D42-A100-288828E39934} = {93D59AD5-4211-3D42-A100-288828E39934}
	EndProjectSection
EndProject
Project("{8BC9CEB8-8B4A-11D0-8D11-00A0C91BC942}") = "rotated_text", "test\rotated_text.vcxproj", "{AA61A160-6EB7-3A59-AEA1-408426D7A756}"
	ProjectSection(ProjectDependencies) = postProject
		{31379B80-7FB4-3415-B521-599B7C261D3F} = {31379B80-7FB4-3415-B521-599B7C261D3F}
		{93D59AD5-4211-3D42-A100-288828E39934} = {93D59AD5-4211-3D42-A100-288828E39934}
	EndProjectSection
EndProject
Project("{8BC9CEB8-8B4A-11D0-8D11-00A0C91BC942}") = "scroll", "test\scroll.vcxproj", "{26483030-3EBC-35BD-A89E-B05602105A9E}"
	ProjectSection(ProjectDependencies) = postProject
		{31379B80-7FB4-3415-B521-599B7C261D3F} = {31379B80-7FB4-3415-B521-599B7C261D3F}
		{93D59AD5-4211-3D42-A100-288828E39934} = {93D59AD5-4211-3D42-A100-288828E39934}
	EndProjectSection
EndProject
Project("{8BC9CEB8-8B4A-11D0-8D11-00A0C91BC942}") = "shape", "test\shape.vcxproj", "{32289D2B-C8B3-33C3-8520-C806EE9A30B6}"
	ProjectSection(ProjectDependencies) = postProject
		{31379B80-7FB4-3415-B521-599B7C261D3F} = {31379B80-7FB4-3415-B521-599B7C261D3F}
		{93D59AD5-4211-3D42-A100-288828E39934} = {93D59AD5-4211-3D42-A100-288828E39934}
		{E291B050-3904-3EF3-B413-3C7E68108552} = {E291B050-3904-3EF3-B413-3C7E68108552}
	EndProjectSection
EndProject
Project("{8BC9CEB8-8B4A-11D0-8D11-00A0C91BC942}") = "subwindow", "test\subwindow.vcxproj", "{8CFA0ADC-A253-3AD4-A03C-9B3B5FB4C101}"
	ProjectSection(ProjectDependencies) = postProject
		{31379B80-7FB4-3415-B521-599B7C261D3F} = {31379B80-7FB4-3415-B521-599B7C261D3F}
		{93D59AD5-4211-3D42-A100-288828E39934} = {93D59AD5-4211-3D42-A100-288828E39934}
	EndProjectSection
EndProject
Project("{8BC9CEB8-8B4A-11D0-8D11-00A0C91BC942}") = "sudoku", "test\sudoku.vcxproj", "{57B7D81A-292D-30DF-B430-738FA6C3791F}"
	ProjectSection(ProjectDependencies) = postProject
		{31379B80-7FB4-3415-B521-599B7C261D3F} = {31379B80-7FB4-3415-B521-599B7C261D3F}
		{93D59AD5-4211-3D42-A100-288828E39934} = {93D59AD5-4211-3D42-A100-288828E39934}
		{49673B5C-C9F6-3528-8450-F5D9806A2FB2} = {49673B5C-C9F6-3528-8450-F5D9806A2FB2}
		{A4AB9075-0DED-326C-8C99-4A35E2C0342E} = {A4AB9075-0DED-326C-8C99-4A35E2C0342E}
		{E67EC735-13F6-3CC3-A338-C020141938B8} = {E67EC735-13F6-3CC3-A338-C020141938B8}
		{ACC6EE2B-0A1B-3EA5-AE09-C62733ED466F} = {ACC6EE2B-0A1B-3EA5-AE09-C62733ED466F}
	EndProjectSection
EndProject
Project("{8BC9CEB8-8B4A-11D0-8D11-00A0C91BC942}") = "symbols", "test\symbols.vcxproj", "{7B6AB12E-71FE-3812-9014-D9FF06AFDC2F}"
	ProjectSection(ProjectDependencies) = postProject
		{31379B80-7FB4-3415-B521-599B7C261D3F} = {31379B80-7FB4-3415-B521-599B7C261D3F}
		{93D59AD5-4211-3D42-A100-288828E39934} = {93D59AD5-4211-3D42-A100-288828E39934}
	EndProjectSection
EndProject
Project("{8BC9CEB8-8B4A-11D0-8D11-00A0C91BC942}") = "table", "test\table.vcxproj", "{E6CBC509-09B9-3B0C-97D4-4DCFF73DD03A}"
	ProjectSection(ProjectDependencies) = postProject
		{31379B80-7FB4-3415-B521-599B7C261D3F} = {31379B80-7FB4-3415-B521-599B7C261D3F}
		{93D59AD5-4211-3D42-A100-288828E39934} = {93D59AD5-4211-3D42-A100-288828E39934}
	EndProjectSection
EndProject
Project("{8BC9CEB8-8B4A-11D0-8D11-00A0C91BC942}") = "tabs", "test\tabs.vcxproj", "{A2BFD7DD-BE0A-3485-8C82-22DA5067C63A}"
	ProjectSection(ProjectDependencies) = postProject
		{31379B80-7FB4-3415-B521-599B7C261D3F} = {31379B80-7FB4-3415-B521-599B7C261D3F}
		{93D59AD5-4211-3D42-A100-288828E39934} = {93D59AD5-4211-3D42-A100-288828E39934}
		{2143502C-BA16-36D7-AD43-0DB56C7106B6} = {2143502C-BA16-36D7-AD43-0DB56C7106B6}
	EndProjectSection
EndProject
Project("{8BC9CEB8-8B4A-11D0-8D11-00A0C91BC942}") = "test_help", "test\test_help.vcxproj", "{7ABD299D-7A34-3353-9198-CE5CE95E49A2}"
	ProjectSection(ProjectDependencies) = postProject
		{31379B80-7FB4-3415-B521-599B7C261D3F} = {31379B80-7FB4-3415-B521-599B7C261D3F}
		{93D59AD5-4211-3D42-A100-288828E39934} = {93D59AD5-4211-3D42-A100-288828E39934}
		{49673B5C-C9F6-3528-8450-F5D9806A2FB2} = {49673B5C-C9F6-3528-8450-F5D9806A2FB2}
		{A4AB9075-0DED-326C-8C99-4A35E2C0342E} = {A4AB9075-0DED-326C-8C99-4A35E2C0342E}
		{E67EC735-13F6-3CC3-A338-C020141938B8} = {E67EC735-13F6-3CC3-A338-C020141938B8}
		{ACC6EE2B-0A1B-3EA5-AE09-C62733ED466F} = {ACC6EE2B-0A1B-3EA5-AE09-C62733ED466F}
	EndProjectSection
EndProject
Project("{8BC9CEB8-8B4A-11D0-8D11-00A0C91BC942}") = "threads", "test\threads.vcxproj", "{BF129710-7CDE-3F97-996D-CE685DBB722D}"
	ProjectSection(ProjectDependencies) = postProject
		{31379B80-7FB4-3415-B521-599B7C261D3F} = {31379B80-7FB4-3415-B521-599B7C261D3F}
		{93D59AD5-4211-3D42-A100-288828E39934} = {93D59AD5-4211-3D42-A100-288828E39934}
	EndProjectSection
EndProject
Project("{8BC9CEB8-8B4A-11D0-8D11-00A0C91BC942}") = "tile", "test\tile.vcxproj", "{D5D474E9-B2B1-3A93-B0FF-2159351DD05F}"
	ProjectSection(ProjectDependencies) = postProject
		{31379B80-7FB4-3415-B521-599B7C261D3F} = {31379B80-7FB4-3415-B521-599B7C261D3F}
		{93D59AD5-4211-3D42-A100-288828E39934} = {93D59AD5-4211-3D42-A100-288828E39934}
	EndProjectSection
EndProject
Project("{8BC9CEB8-8B4A-11D0-8D11-00A0C91BC942}") = "tiled_image", "test\tiled_image.vcxproj", "{A137B710-5F0B-358E-869A-A9D453B1ECD0}"
	ProjectSection(ProjectDependencies) = postProject
		{31379B80-7FB4-3415-B521-599B7C261D3F} = {31379B80-7FB4-3415-B521-599B7C261D3F}
		{93D59AD5-4211-3D42-A100-288828E39934} = {93D59AD5-4211-3D42-A100-288828E39934}
	EndProjectSection
EndProject
Project("{8BC9CEB8-8B4A-11D0-8D11-00A0C91BC942}") = "tree", "test\tree.vcxproj", "{F6F4B592-3BE0-3C9C-BF7C-69E941A2FDD9}"
	ProjectSection(ProjectDependencies) = postProject
		{31379B80-7FB4-3415-B521-599B7C261D3F} = {31379B80-7FB4-3415-B521-599B7C261D3F}
		{93D59AD5-4211-3D42-A100-288828E39934} = {93D59AD5-4211-3D42-A100-288828E39934}
		{2143502C-BA16-36D7-AD43-0DB56C7106B6} = {2143502C-BA16-36D7-AD43-0DB56C7106B6}
	EndProjectSection
EndProject
Project("{8BC9CEB8-8B4A-11D0-8D11-00A0C91BC942}") = "twowin", "test\twowin.vcxproj", "{CAB8FA60-4FC7-3C22-B474-6F91D4BCBBDB}"
	ProjectSection(ProjectDependencies) = postProject
		{31379B80-7FB4-3415-B521-599B7C261D3F} = {31379B80-7FB4-3415-B521-599B7C261D3F}
		{93D59AD5-4211-3D42-A100-288828E39934} = {93D59AD5-4211-3D42-A100-288828E39934}
	EndProjectSection
EndProject
Project("{8BC9CEB8-8B4A-11D0-8D11-00A0C91BC942}") = "uninstall", "uninstall.vcxproj", "{488CBE48-E433-3CD7-B3C2-5395ECD7B4D1}"
	ProjectSection(ProjectDependencies) = postProject
		{31379B80-7FB4-3415-B521-599B7C261D3F} = {31379B80-7FB4-3415-B521-599B7C261D3F}
	EndProjectSection
EndProject
Project("{8BC9CEB8-8B4A-11D0-8D11-00A0C91BC942}") = "unittests", "test\unittests.vcxproj", "{797B6099-ECB2-3627-87D6-D4A0A097D9B3}"
	ProjectSection(ProjectDependencies) = postProject
		{31379B80-7FB4-3415-B521-599B7C261D3F} = {31379B80-7FB4-3415-B521-599B7C261D3F}
		{93D59AD5-4211-3D42-A100-288828E39934} = {93D59AD5-4211-3D42-A100-288828E39934}
	EndProjectSection
EndProject
Project("{8BC9CEB8-8B4A-11D0-8D11-00A0C91BC942}") = "utf8", "test\utf8.vcxproj", "{36B980AC-6445-3ACC-8ACA-4265A31A3322}"
	ProjectSection(ProjectDependencies) = postProject
		{31379B80-7FB4-3415-B521-599B7C261D3F} = {31379B80-7FB4-3415-B521-599B7C261D3F}
		{93D59AD5-4211-3D42-A100-288828E39934} = {93D59AD5-4211-3D42-A100-288828E39934}
	EndProjectSection
EndProject
Project("{8BC9CEB8-8B4A-11D0-8D11-00A0C91BC942}") = "valuators", "test\valuators.vcxproj", "{A6735969-C0BA-3235-BF67-18D374F28E03}"
	ProjectSection(ProjectDependencies) = postProject
		{31379B80-7FB4-3415-B521-599B7C261D3F} = {31379B80-7FB4-3415-B521-599B7C261D3F}
		{93D59AD5-4211-3D42-A100-288828E39934} = {93D59AD5-4211-3D42-A100-288828E39934}
		{2143502C-BA16-36D7-AD43-0DB56C7106B6} = {2143502C-BA16-36D7-AD43-0DB56C7106B6}
	EndProjectSection
EndProject
Project("{8BC9CEB8-8B4A-11D0-8D11-00A0C91BC942}") = "windowfocus", "test\windowfocus.vcxproj", "{834E287F-2F21-35EC-8855-97B4F9593BF8}"
	ProjectSection(ProjectDependencies) = postProject
		{31379B80-7FB4-3415-B521-599B7C261D3F} = {31379B80-7FB4-3415-B521-599B7C261D3F}
		{93D59AD5-4211-3D42-A100-288828E39934} = {93D59AD5-4211-3D42-A100-288828E39934}
	EndProjectSection
EndProject
Global
	GlobalSection(SolutionConfigurationPlatforms) = preSolution
		Debug|x64 = Debug|x64
		Release|x64 = Release|x64
		MinSizeRel|x64 = MinSizeRel|x64
		RelWithDebInfo|x64 = RelWithDebInfo|x64
	EndGlobalSection
	GlobalSection(ProjectConfigurationPlatforms) = postSolution
		{232DCD8E-8DFC-3D68-96C9-47A691AC7276}.Debug|x64.ActiveCfg = Debug|x64
		{232DCD8E-8DFC-3D68-96C9-47A691AC7276}.Debug|x64.Build.0 = Debug|x64
		{232DCD8E-8DFC-3D68-96C9-47A691AC7276}.Release|x64.ActiveCfg = Release|x64
		{232DCD8E-8DFC-3D68-96C9-47A691AC7276}.Release|x64.Build.0 = Release|x64
		{232DCD8E-8DFC-3D68-96C9-47A691AC7276}.MinSizeRel|x64.ActiveCfg = MinSizeRel|x64
		{232DCD8E-8DFC-3D68-96C9-47A691AC7276}.MinSizeRel|x64.Build.0 = MinSizeRel|x64
		{232DCD8E-8DFC-3D68-96C9-47A691AC7276}.RelWithDebInfo|x64.ActiveCfg = RelWithDebInfo|x64
		{232DCD8E-8DFC-3D68-96C9-47A691AC7276}.RelWithDebInfo|x64.Build.0 = RelWithDebInfo|x64
		{7E7FDFD0-93ED-35AC-8947-2994C91A5527}.Debug|x64.ActiveCfg = Debug|x64
		{7E7FDFD0-93ED-35AC-8947-2994C91A5527}.Debug|x64.Build.0 = Debug|x64
		{7E7FDFD0-93ED-35AC-8947-2994C91A5527}.Release|x64.ActiveCfg = Release|x64
		{7E7FDFD0-93ED-35AC-8947-2994C91A5527}.Release|x64.Build.0 = Release|x64
		{7E7FDFD0-93ED-35AC-8947-2994C91A5527}.MinSizeRel|x64.ActiveCfg = MinSizeRel|x64
		{7E7FDFD0-93ED-35AC-8947-2994C91A5527}.MinSizeRel|x64.Build.0 = MinSizeRel|x64
		{7E7FDFD0-93ED-35AC-8947-2994C91A5527}.RelWithDebInfo|x64.ActiveCfg = RelWithDebInfo|x64
		{7E7FDFD0-93ED-35AC-8947-2994C91A5527}.RelWithDebInfo|x64.Build.0 = RelWithDebInfo|x64
		{89307C86-FA68-3FA2-92C8-09EE9CBCBA58}.Debug|x64.ActiveCfg = Debug|x64
		{89307C86-FA68-3FA2-92C8-09EE9CBCBA58}.Release|x64.ActiveCfg = Release|x64
		{89307C86-FA68-3FA2-92C8-09EE9CBCBA58}.MinSizeRel|x64.ActiveCfg = MinSizeRel|x64
		{89307C86-FA68-3FA2-92C8-09EE9CBCBA58}.RelWithDebInfo|x64.ActiveCfg = RelWithDebInfo|x64
		{31379B80-7FB4-3415-B521-599B7C261D3F}.Debug|x64.ActiveCfg = Debug|x64
		{31379B80-7FB4-3415-B521-599B7C261D3F}.Debug|x64.Build.0 = Debug|x64
		{31379B80-7FB4-3415-B521-599B7C261D3F}.Release|x64.ActiveCfg = Release|x64
		{31379B80-7FB4-3415-B521-599B7C261D3F}.Release|x64.Build.0 = Release|x64
		{31379B80-7FB4-3415-B521-599B7C261D3F}.MinSizeRel|x64.ActiveCfg = MinSizeRel|x64
		{31379B80-7FB4-3415-B521-599B7C261D3F}.MinSizeRel|x64.Build.0 = MinSizeRel|x64
		{31379B80-7FB4-3415-B521-599B7C261D3F}.RelWithDebInfo|x64.ActiveCfg = RelWithDebInfo|x64
		{31379B80-7FB4-3415-B521-599B7C261D3F}.RelWithDebInfo|x64.Build.0 = RelWithDebInfo|x64
		{DB1703C7-E4DB-3BF4-8A25-F19AA2A42998}.Debug|x64.ActiveCfg = Debug|x64
		{DB1703C7-E4DB-3BF4-8A25-F19AA2A42998}.Debug|x64.Build.0 = Debug|x64
		{DB1703C7-E4DB-3BF4-8A25-F19AA2A42998}.Release|x64.ActiveCfg = Release|x64
		{DB1703C7-E4DB-3BF4-8A25-F19AA2A42998}.Release|x64.Build.0 = Release|x64
		{DB1703C7-E4DB-3BF4-8A25-F19AA2A42998}.MinSizeRel|x64.ActiveCfg = MinSizeRel|x64
		{DB1703C7-E4DB-3BF4-8A25-F19AA2A42998}.MinSizeRel|x64.Build.0 = MinSizeRel|x64
		{DB1703C7-E4DB-3BF4-8A25-F19AA2A42998}.RelWithDebInfo|x64.ActiveCfg = RelWithDebInfo|x64
		{DB1703C7-E4DB-3BF4-8A25-F19AA2A42998}.RelWithDebInfo|x64.Build.0 = RelWithDebInfo|x64
		{B83CC8F6-FFE3-3A49-8C3D-28DDEAC046C5}.Debug|x64.ActiveCfg = Debug|x64
		{B83CC8F6-FFE3-3A49-8C3D-28DDEAC046C5}.Debug|x64.Build.0 = Debug|x64
		{B83CC8F6-FFE3-3A49-8C3D-28DDEAC046C5}.Release|x64.ActiveCfg = Release|x64
		{B83CC8F6-FFE3-3A49-8C3D-28DDEAC046C5}.Release|x64.Build.0 = Release|x64
		{B83CC8F6-FFE3-3A49-8C3D-28DDEAC046C5}.MinSizeRel|x64.ActiveCfg = MinSizeRel|x64
		{B83CC8F6-FFE3-3A49-8C3D-28DDEAC046C5}.MinSizeRel|x64.Build.0 = MinSizeRel|x64
		{B83CC8F6-FFE3-3A49-8C3D-28DDEAC046C5}.RelWithDebInfo|x64.ActiveCfg = RelWithDebInfo|x64
		{B83CC8F6-FFE3-3A49-8C3D-28DDEAC046C5}.RelWithDebInfo|x64.Build.0 = RelWithDebInfo|x64
		{15AB8170-1449-3068-BB6C-FF1D4CA643F9}.Debug|x64.ActiveCfg = Debug|x64
		{15AB8170-1449-3068-BB6C-FF1D4CA643F9}.Debug|x64.Build.0 = Debug|x64
		{15AB8170-1449-3068-BB6C-FF1D4CA643F9}.Release|x64.ActiveCfg = Release|x64
		{15AB8170-1449-3068-BB6C-FF1D4CA643F9}.Release|x64.Build.0 = Release|x64
		{15AB8170-1449-3068-BB6C-FF1D4CA643F9}.MinSizeRel|x64.ActiveCfg = MinSizeRel|x64
		{15AB8170-1449-3068-BB6C-FF1D4CA643F9}.MinSizeRel|x64.Build.0 = MinSizeRel|x64
		{15AB8170-1449-3068-BB6C-FF1D4CA643F9}.RelWithDebInfo|x64.ActiveCfg = RelWithDebInfo|x64
		{15AB8170-1449-3068-BB6C-FF1D4CA643F9}.RelWithDebInfo|x64.Build.0 = RelWithDebInfo|x64
		{2A617F6A-206C-3642-88A9-24E2BFD66ECA}.Debug|x64.ActiveCfg = Debug|x64
		{2A617F6A-206C-3642-88A9-24E2BFD66ECA}.Debug|x64.Build.0 = Debug|x64
		{2A617F6A-206C-3642-88A9-24E2BFD66ECA}.Release|x64.ActiveCfg = Release|x64
		{2A617F6A-206C-3642-88A9-24E2BFD66ECA}.Release|x64.Build.0 = Release|x64
		{2A617F6A-206C-3642-88A9-24E2BFD66ECA}.MinSizeRel|x64.ActiveCfg = MinSizeRel|x64
		{2A617F6A-206C-3642-88A9-24E2BFD66ECA}.MinSizeRel|x64.Build.0 = MinSizeRel|x64
		{2A617F6A-206C-3642-88A9-24E2BFD66ECA}.RelWithDebInfo|x64.ActiveCfg = RelWithDebInfo|x64
		{2A617F6A-206C-3642-88A9-24E2BFD66ECA}.RelWithDebInfo|x64.Build.0 = RelWithDebInfo|x64
		{8B76127F-F4F3-321B-B4C2-0F940EE68028}.Debug|x64.ActiveCfg = Debug|x64
		{8B76127F-F4F3-321B-B4C2-0F940EE68028}.Debug|x64.Build.0 = Debug|x64
		{8B76127F-F4F3-321B-B4C2-0F940EE68028}.Release|x64.ActiveCfg = Release|x64
		{8B76127F-F4F3-321B-B4C2-0F940EE68028}.Release|x64.Build.0 = Release|x64
		{8B76127F-F4F3-321B-B4C2-0F940EE68028}.MinSizeRel|x64.ActiveCfg = MinSizeRel|x64
		{8B76127F-F4F3-321B-B4C2-0F940EE68028}.MinSizeRel|x64.Build.0 = MinSizeRel|x64
		{8B76127F-F4F3-321B-B4C2-0F940EE68028}.RelWithDebInfo|x64.ActiveCfg = RelWithDebInfo|x64
		{8B76127F-F4F3-321B-B4C2-0F940EE68028}.RelWithDebInfo|x64.Build.0 = RelWithDebInfo|x64
		{2AFCBBC6-42D3-3EFE-845E-D5839C1B38A2}.Debug|x64.ActiveCfg = Debug|x64
		{2AFCBBC6-42D3-3EFE-845E-D5839C1B38A2}.Debug|x64.Build.0 = Debug|x64
		{2AFCBBC6-42D3-3EFE-845E-D5839C1B38A2}.Release|x64.ActiveCfg = Release|x64
		{2AFCBBC6-42D3-3EFE-845E-D5839C1B38A2}.Release|x64.Build.0 = Release|x64
		{2AFCBBC6-42D3-3EFE-845E-D5839C1B38A2}.MinSizeRel|x64.ActiveCfg = MinSizeRel|x64
		{2AFCBBC6-42D3-3EFE-845E-D5839C1B38A2}.MinSizeRel|x64.Build.0 = MinSizeRel|x64
		{2AFCBBC6-42D3-3EFE-845E-D5839C1B38A2}.RelWithDebInfo|x64.ActiveCfg = RelWithDebInfo|x64
		{2AFCBBC6-42D3-3EFE-845E-D5839C1B38A2}.RelWithDebInfo|x64.Build.0 = RelWithDebInfo|x64
		{4C754A9F-12E0-3834-B504-5378724C639E}.Debug|x64.ActiveCfg = Debug|x64
		{4C754A9F-12E0-3834-B504-5378724C639E}.Debug|x64.Build.0 = Debug|x64
		{4C754A9F-12E0-3834-B504-5378724C639E}.Release|x64.ActiveCfg = Release|x64
		{4C754A9F-12E0-3834-B504-5378724C639E}.Release|x64.Build.0 = Release|x64
		{4C754A9F-12E0-3834-B504-5378724C639E}.MinSizeRel|x64.ActiveCfg = MinSizeRel|x64
		{4C754A9F-12E0-3834-B504-5378724C639E}.MinSizeRel|x64.Build.0 = MinSizeRel|x64
		{4C754A9F-12E0-3834-B504-5378724C639E}.RelWithDebInfo|x64.ActiveCfg = RelWithDebInfo|x64
		{4C754A9F-12E0-3834-B504-5378724C639E}.RelWithDebInfo|x64.Build.0 = RelWithDebInfo|x64
		{013DB0EC-531E-3945-A726-A2EA1FC6D3E6}.Debug|x64.ActiveCfg = Debug|x64
		{013DB0EC-531E-3945-A726-A2EA1FC6D3E6}.Debug|x64.Build.0 = Debug|x64
		{013DB0EC-531E-3945-A726-A2EA1FC6D3E6}.Release|x64.ActiveCfg = Release|x64
		{013DB0EC-531E-3945-A726-A2EA1FC6D3E6}.Release|x64.Build.0 = Release|x64
		{013DB0EC-531E-3945-A726-A2EA1FC6D3E6}.MinSizeRel|x64.ActiveCfg = MinSizeRel|x64
		{013DB0EC-531E-3945-A726-A2EA1FC6D3E6}.MinSizeRel|x64.Build.0 = MinSizeRel|x64
		{013DB0EC-531E-3945-A726-A2EA1FC6D3E6}.RelWithDebInfo|x64.ActiveCfg = RelWithDebInfo|x64
		{013DB0EC-531E-3945-A726-A2EA1FC6D3E6}.RelWithDebInfo|x64.Build.0 = RelWithDebInfo|x64
		{937F9157-0509-3E5A-8F05-B8AEBF71FEC6}.Debug|x64.ActiveCfg = Debug|x64
		{937F9157-0509-3E5A-8F05-B8AEBF71FEC6}.Debug|x64.Build.0 = Debug|x64
		{937F9157-0509-3E5A-8F05-B8AEBF71FEC6}.Release|x64.ActiveCfg = Release|x64
		{937F9157-0509-3E5A-8F05-B8AEBF71FEC6}.Release|x64.Build.0 = Release|x64
		{937F9157-0509-3E5A-8F05-B8AEBF71FEC6}.MinSizeRel|x64.ActiveCfg = MinSizeRel|x64
		{937F9157-0509-3E5A-8F05-B8AEBF71FEC6}.MinSizeRel|x64.Build.0 = MinSizeRel|x64
		{937F9157-0509-3E5A-8F05-B8AEBF71FEC6}.RelWithDebInfo|x64.ActiveCfg = RelWithDebInfo|x64
		{937F9157-0509-3E5A-8F05-B8AEBF71FEC6}.RelWithDebInfo|x64.Build.0 = RelWithDebInfo|x64
		{087935E8-8BF8-3C4C-AA7C-424AEDA2766E}.Debug|x64.ActiveCfg = Debug|x64
		{087935E8-8BF8-3C4C-AA7C-424AEDA2766E}.Debug|x64.Build.0 = Debug|x64
		{087935E8-8BF8-3C4C-AA7C-424AEDA2766E}.Release|x64.ActiveCfg = Release|x64
		{087935E8-8BF8-3C4C-AA7C-424AEDA2766E}.Release|x64.Build.0 = Release|x64
		{087935E8-8BF8-3C4C-AA7C-424AEDA2766E}.MinSizeRel|x64.ActiveCfg = MinSizeRel|x64
		{087935E8-8BF8-3C4C-AA7C-424AEDA2766E}.MinSizeRel|x64.Build.0 = MinSizeRel|x64
		{087935E8-8BF8-3C4C-AA7C-424AEDA2766E}.RelWithDebInfo|x64.ActiveCfg = RelWithDebInfo|x64
		{087935E8-8BF8-3C4C-AA7C-424AEDA2766E}.RelWithDebInfo|x64.Build.0 = RelWithDebInfo|x64
		{DCB1AC48-89C9-3104-B05A-A2690D8E25DE}.Debug|x64.ActiveCfg = Debug|x64
		{DCB1AC48-89C9-3104-B05A-A2690D8E25DE}.Debug|x64.Build.0 = Debug|x64
		{DCB1AC48-89C9-3104-B05A-A2690D8E25DE}.Release|x64.ActiveCfg = Release|x64
		{DCB1AC48-89C9-3104-B05A-A2690D8E25DE}.Release|x64.Build.0 = Release|x64
		{DCB1AC48-89C9-3104-B05A-A2690D8E25DE}.MinSizeRel|x64.ActiveCfg = MinSizeRel|x64
		{DCB1AC48-89C9-3104-B05A-A2690D8E25DE}.MinSizeRel|x64.Build.0 = MinSizeRel|x64
		{DCB1AC48-89C9-3104-B05A-A2690D8E25DE}.RelWithDebInfo|x64.ActiveCfg = RelWithDebInfo|x64
		{DCB1AC48-89C9-3104-B05A-A2690D8E25DE}.RelWithDebInfo|x64.Build.0 = RelWithDebInfo|x64
		{1E19ACE4-ADDE-3A4D-8BED-D4EEC0F459C9}.Debug|x64.ActiveCfg = Debug|x64
		{1E19ACE4-ADDE-3A4D-8BED-D4EEC0F459C9}.Debug|x64.Build.0 = Debug|x64
		{1E19ACE4-ADDE-3A4D-8BED-D4EEC0F459C9}.Release|x64.ActiveCfg = Release|x64
		{1E19ACE4-ADDE-3A4D-8BED-D4EEC0F459C9}.Release|x64.Build.0 = Release|x64
		{1E19ACE4-ADDE-3A4D-8BED-D4EEC0F459C9}.MinSizeRel|x64.ActiveCfg = MinSizeRel|x64
		{1E19ACE4-ADDE-3A4D-8BED-D4EEC0F459C9}.MinSizeRel|x64.Build.0 = MinSizeRel|x64
		{1E19ACE4-ADDE-3A4D-8BED-D4EEC0F459C9}.RelWithDebInfo|x64.ActiveCfg = RelWithDebInfo|x64
		{1E19ACE4-ADDE-3A4D-8BED-D4EEC0F459C9}.RelWithDebInfo|x64.Build.0 = RelWithDebInfo|x64
		{93DF7F1B-D45E-3877-9302-E00284D0BAD9}.Debug|x64.ActiveCfg = Debug|x64
		{93DF7F1B-D45E-3877-9302-E00284D0BAD9}.Debug|x64.Build.0 = Debug|x64
		{93DF7F1B-D45E-3877-9302-E00284D0BAD9}.Release|x64.ActiveCfg = Release|x64
		{93DF7F1B-D45E-3877-9302-E00284D0BAD9}.Release|x64.Build.0 = Release|x64
		{93DF7F1B-D45E-3877-9302-E00284D0BAD9}.MinSizeRel|x64.ActiveCfg = MinSizeRel|x64
		{93DF7F1B-D45E-3877-9302-E00284D0BAD9}.MinSizeRel|x64.Build.0 = MinSizeRel|x64
		{93DF7F1B-D45E-3877-9302-E00284D0BAD9}.RelWithDebInfo|x64.ActiveCfg = RelWithDebInfo|x64
		{93DF7F1B-D45E-3877-9302-E00284D0BAD9}.RelWithDebInfo|x64.Build.0 = RelWithDebInfo|x64
		{7E34D247-C20B-3A1C-B257-80B7EC9CC14F}.Debug|x64.ActiveCfg = Debug|x64
		{7E34D247-C20B-3A1C-B257-80B7EC9CC14F}.Debug|x64.Build.0 = Debug|x64
		{7E34D247-C20B-3A1C-B257-80B7EC9CC14F}.Release|x64.ActiveCfg = Release|x64
		{7E34D247-C20B-3A1C-B257-80B7EC9CC14F}.Release|x64.Build.0 = Release|x64
		{7E34D247-C20B-3A1C-B257-80B7EC9CC14F}.MinSizeRel|x64.ActiveCfg = MinSizeRel|x64
		{7E34D247-C20B-3A1C-B257-80B7EC9CC14F}.MinSizeRel|x64.Build.0 = MinSizeRel|x64
		{7E34D247-C20B-3A1C-B257-80B7EC9CC14F}.RelWithDebInfo|x64.ActiveCfg = RelWithDebInfo|x64
		{7E34D247-C20B-3A1C-B257-80B7EC9CC14F}.RelWithDebInfo|x64.Build.0 = RelWithDebInfo|x64
		{5EE0169F-0C2E-37BE-ADEE-0366E3D76D80}.Debug|x64.ActiveCfg = Debug|x64
		{5EE0169F-0C2E-37BE-ADEE-0366E3D76D80}.Debug|x64.Build.0 = Debug|x64
		{5EE0169F-0C2E-37BE-ADEE-0366E3D76D80}.Release|x64.ActiveCfg = Release|x64
		{5EE0169F-0C2E-37BE-ADEE-0366E3D76D80}.Release|x64.Build.0 = Release|x64
		{5EE0169F-0C2E-37BE-ADEE-0366E3D76D80}.MinSizeRel|x64.ActiveCfg = MinSizeRel|x64
		{5EE0169F-0C2E-37BE-ADEE-0366E3D76D80}.MinSizeRel|x64.Build.0 = MinSizeRel|x64
		{5EE0169F-0C2E-37BE-ADEE-0366E3D76D80}.RelWithDebInfo|x64.ActiveCfg = RelWithDebInfo|x64
		{5EE0169F-0C2E-37BE-ADEE-0366E3D76D80}.RelWithDebInfo|x64.Build.0 = RelWithDebInfo|x64
		{7599B95D-1DF7-3B5F-AA5B-7D76591491AE}.Debug|x64.ActiveCfg = Debug|x64
		{7599B95D-1DF7-3B5F-AA5B-7D76591491AE}.Debug|x64.Build.0 = Debug|x64
		{7599B95D-1DF7-3B5F-AA5B-7D76591491AE}.Release|x64.ActiveCfg = Release|x64
		{7599B95D-1DF7-3B5F-AA5B-7D76591491AE}.Release|x64.Build.0 = Release|x64
		{7599B95D-1DF7-3B5F-AA5B-7D76591491AE}.MinSizeRel|x64.ActiveCfg = MinSizeRel|x64
		{7599B95D-1DF7-3B5F-AA5B-7D76591491AE}.MinSizeRel|x64.Build.0 = MinSizeRel|x64
		{7599B95D-1DF7-3B5F-AA5B-7D76591491AE}.RelWithDebInfo|x64.ActiveCfg = RelWithDebInfo|x64
		{7599B95D-1DF7-3B5F-AA5B-7D76591491AE}.RelWithDebInfo|x64.Build.0 = RelWithDebInfo|x64
		{C727106D-6407-386A-913F-D3584C974691}.Debug|x64.ActiveCfg = Debug|x64
		{C727106D-6407-386A-913F-D3584C974691}.Debug|x64.Build.0 = Debug|x64
		{C727106D-6407-386A-913F-D3584C974691}.Release|x64.ActiveCfg = Release|x64
		{C727106D-6407-386A-913F-D3584C974691}.Release|x64.Build.0 = Release|x64
		{C727106D-6407-386A-913F-D3584C974691}.MinSizeRel|x64.ActiveCfg = MinSizeRel|x64
		{C727106D-6407-386A-913F-D3584C974691}.MinSizeRel|x64.Build.0 = MinSizeRel|x64
		{C727106D-6407-386A-913F-D3584C974691}.RelWithDebInfo|x64.ActiveCfg = RelWithDebInfo|x64
		{C727106D-6407-386A-913F-D3584C974691}.RelWithDebInfo|x64.Build.0 = RelWithDebInfo|x64
		{9C7F6F57-5AE4-3247-B437-AD9D86F4A6F9}.Debug|x64.ActiveCfg = Debug|x64
		{9C7F6F57-5AE4-3247-B437-AD9D86F4A6F9}.Debug|x64.Build.0 = Debug|x64
		{9C7F6F57-5AE4-3247-B437-AD9D86F4A6F9}.Release|x64.ActiveCfg = Release|x64
		{9C7F6F57-5AE4-3247-B437-AD9D86F4A6F9}.Release|x64.Build.0 = Release|x64
		{9C7F6F57-5AE4-3247-B437-AD9D86F4A6F9}.MinSizeRel|x64.ActiveCfg = MinSizeRel|x64
		{9C7F6F57-5AE4-3247-B437-AD9D86F4A6F9}.MinSizeRel|x64.Build.0 = MinSizeRel|x64
		{9C7F6F57-5AE4-3247-B437-AD9D86F4A6F9}.RelWithDebInfo|x64.ActiveCfg = RelWithDebInfo|x64
		{9C7F6F57-5AE4-3247-B437-AD9D86F4A6F9}.RelWithDebInfo|x64.Build.0 = RelWithDebInfo|x64
		{32395972-E1C6-3180-88BC-09E0C09C5177}.Debug|x64.ActiveCfg = Debug|x64
		{32395972-E1C6-3180-88BC-09E0C09C5177}.Debug|x64.Build.0 = Debug|x64
		{32395972-E1C6-3180-88BC-09E0C09C5177}.Release|x64.ActiveCfg = Release|x64
		{32395972-E1C6-3180-88BC-09E0C09C5177}.Release|x64.Build.0 = Release|x64
		{32395972-E1C6-3180-88BC-09E0C09C5177}.MinSizeRel|x64.ActiveCfg = MinSizeRel|x64
		{32395972-E1C6-3180-88BC-09E0C09C5177}.MinSizeRel|x64.Build.0 = MinSizeRel|x64
		{32395972-E1C6-3180-88BC-09E0C09C5177}.RelWithDebInfo|x64.ActiveCfg = RelWithDebInfo|x64
		{32395972-E1C6-3180-88BC-09E0C09C5177}.RelWithDebInfo|x64.Build.0 = RelWithDebInfo|x64
		{A34559EE-D1D9-3B1C-9DC9-15DAF13853E2}.Debug|x64.ActiveCfg = Debug|x64
		{A34559EE-D1D9-3B1C-9DC9-15DAF13853E2}.Debug|x64.Build.0 = Debug|x64
		{A34559EE-D1D9-3B1C-9DC9-15DAF13853E2}.Release|x64.ActiveCfg = Release|x64
		{A34559EE-D1D9-3B1C-9DC9-15DAF13853E2}.Release|x64.Build.0 = Release|x64
		{A34559EE-D1D9-3B1C-9DC9-15DAF13853E2}.MinSizeRel|x64.ActiveCfg = MinSizeRel|x64
		{A34559EE-D1D9-3B1C-9DC9-15DAF13853E2}.MinSizeRel|x64.Build.0 = MinSizeRel|x64
		{A34559EE-D1D9-3B1C-9DC9-15DAF13853E2}.RelWithDebInfo|x64.ActiveCfg = RelWithDebInfo|x64
		{A34559EE-D1D9-3B1C-9DC9-15DAF13853E2}.RelWithDebInfo|x64.Build.0 = RelWithDebInfo|x64
		{68204577-ABAA-3B58-97AE-4DCC8D82549D}.Debug|x64.ActiveCfg = Debug|x64
		{68204577-ABAA-3B58-97AE-4DCC8D82549D}.Debug|x64.Build.0 = Debug|x64
		{68204577-ABAA-3B58-97AE-4DCC8D82549D}.Release|x64.ActiveCfg = Release|x64
		{68204577-ABAA-3B58-97AE-4DCC8D82549D}.Release|x64.Build.0 = Release|x64
		{68204577-ABAA-3B58-97AE-4DCC8D82549D}.MinSizeRel|x64.ActiveCfg = MinSizeRel|x64
		{68204577-ABAA-3B58-97AE-4DCC8D82549D}.MinSizeRel|x64.Build.0 = MinSizeRel|x64
		{68204577-ABAA-3B58-97AE-4DCC8D82549D}.RelWithDebInfo|x64.ActiveCfg = RelWithDebInfo|x64
		{68204577-ABAA-3B58-97AE-4DCC8D82549D}.RelWithDebInfo|x64.Build.0 = RelWithDebInfo|x64
		{3708AF23-5DD0-30E3-A2B6-A3E9D9D890EC}.Debug|x64.ActiveCfg = Debug|x64
		{3708AF23-5DD0-30E3-A2B6-A3E9D9D890EC}.Debug|x64.Build.0 = Debug|x64
		{3708AF23-5DD0-30E3-A2B6-A3E9D9D890EC}.Release|x64.ActiveCfg = Release|x64
		{3708AF23-5DD0-30E3-A2B6-A3E9D9D890EC}.Release|x64.Build.0 = Release|x64
		{3708AF23-5DD0-30E3-A2B6-A3E9D9D890EC}.MinSizeRel|x64.ActiveCfg = MinSizeRel|x64
		{3708AF23-5DD0-30E3-A2B6-A3E9D9D890EC}.MinSizeRel|x64.Build.0 = MinSizeRel|x64
		{3708AF23-5DD0-30E3-A2B6-A3E9D9D890EC}.RelWithDebInfo|x64.ActiveCfg = RelWithDebInfo|x64
		{3708AF23-5DD0-30E3-A2B6-A3E9D9D890EC}.RelWithDebInfo|x64.Build.0 = RelWithDebInfo|x64
		{93D59AD5-4211-3D42-A100-288828E39934}.Debug|x64.ActiveCfg = Debug|x64
		{93D59AD5-4211-3D42-A100-288828E39934}.Debug|x64.Build.0 = Debug|x64
		{93D59AD5-4211-3D42-A100-288828E39934}.Release|x64.ActiveCfg = Release|x64
		{93D59AD5-4211-3D42-A100-288828E39934}.Release|x64.Build.0 = Release|x64
		{93D59AD5-4211-3D42-A100-288828E39934}.MinSizeRel|x64.ActiveCfg = MinSizeRel|x64
		{93D59AD5-4211-3D42-A100-288828E39934}.MinSizeRel|x64.Build.0 = MinSizeRel|x64
		{93D59AD5-4211-3D42-A100-288828E39934}.RelWithDebInfo|x64.ActiveCfg = RelWithDebInfo|x64
		{93D59AD5-4211-3D42-A100-288828E39934}.RelWithDebInfo|x64.Build.0 = RelWithDebInfo|x64
		{7A5FF2AE-C45F-3232-BF83-62B15857E89B}.Debug|x64.ActiveCfg = Debug|x64
		{7A5FF2AE-C45F-3232-BF83-62B15857E89B}.Debug|x64.Build.0 = Debug|x64
		{7A5FF2AE-C45F-3232-BF83-62B15857E89B}.Release|x64.ActiveCfg = Release|x64
		{7A5FF2AE-C45F-3232-BF83-62B15857E89B}.Release|x64.Build.0 = Release|x64
		{7A5FF2AE-C45F-3232-BF83-62B15857E89B}.MinSizeRel|x64.ActiveCfg = MinSizeRel|x64
		{7A5FF2AE-C45F-3232-BF83-62B15857E89B}.MinSizeRel|x64.Build.0 = MinSizeRel|x64
		{7A5FF2AE-C45F-3232-BF83-62B15857E89B}.RelWithDebInfo|x64.ActiveCfg = RelWithDebInfo|x64
		{7A5FF2AE-C45F-3232-BF83-62B15857E89B}.RelWithDebInfo|x64.Build.0 = RelWithDebInfo|x64
		{E291B050-3904-3EF3-B413-3C7E68108552}.Debug|x64.ActiveCfg = Debug|x64
		{E291B050-3904-3EF3-B413-3C7E68108552}.Debug|x64.Build.0 = Debug|x64
		{E291B050-3904-3EF3-B413-3C7E68108552}.Release|x64.ActiveCfg = Release|x64
		{E291B050-3904-3EF3-B413-3C7E68108552}.Release|x64.Build.0 = Release|x64
		{E291B050-3904-3EF3-B413-3C7E68108552}.MinSizeRel|x64.ActiveCfg = MinSizeRel|x64
		{E291B050-3904-3EF3-B413-3C7E68108552}.MinSizeRel|x64.Build.0 = MinSizeRel|x64
		{E291B050-3904-3EF3-B413-3C7E68108552}.RelWithDebInfo|x64.ActiveCfg = RelWithDebInfo|x64
		{E291B050-3904-3EF3-B413-3C7E68108552}.RelWithDebInfo|x64.Build.0 = RelWithDebInfo|x64
		{49673B5C-C9F6-3528-8450-F5D9806A2FB2}.Debug|x64.ActiveCfg = Debug|x64
		{49673B5C-C9F6-3528-8450-F5D9806A2FB2}.Debug|x64.Build.0 = Debug|x64
		{49673B5C-C9F6-3528-8450-F5D9806A2FB2}.Release|x64.ActiveCfg = Release|x64
		{49673B5C-C9F6-3528-8450-F5D9806A2FB2}.Release|x64.Build.0 = Release|x64
		{49673B5C-C9F6-3528-8450-F5D9806A2FB2}.MinSizeRel|x64.ActiveCfg = MinSizeRel|x64
		{49673B5C-C9F6-3528-8450-F5D9806A2FB2}.MinSizeRel|x64.Build.0 = MinSizeRel|x64
		{49673B5C-C9F6-3528-8450-F5D9806A2FB2}.RelWithDebInfo|x64.ActiveCfg = RelWithDebInfo|x64
		{49673B5C-C9F6-3528-8450-F5D9806A2FB2}.RelWithDebInfo|x64.Build.0 = RelWithDebInfo|x64
		{A4AB9075-0DED-326C-8C99-4A35E2C0342E}.Debug|x64.ActiveCfg = Debug|x64
		{A4AB9075-0DED-326C-8C99-4A35E2C0342E}.Debug|x64.Build.0 = Debug|x64
		{A4AB9075-0DED-326C-8C99-4A35E2C0342E}.Release|x64.ActiveCfg = Release|x64
		{A4AB9075-0DED-326C-8C99-4A35E2C0342E}.Release|x64.Build.0 = Release|x64
		{A4AB9075-0DED-326C-8C99-4A35E2C0342E}.MinSizeRel|x64.ActiveCfg = MinSizeRel|x64
		{A4AB9075-0DED-326C-8C99-4A35E2C0342E}.MinSizeRel|x64.Build.0 = MinSizeRel|x64
		{A4AB9075-0DED-326C-8C99-4A35E2C0342E}.RelWithDebInfo|x64.ActiveCfg = RelWithDebInfo|x64
		{A4AB9075-0DED-326C-8C99-4A35E2C0342E}.RelWithDebInfo|x64.Build.0 = RelWithDebInfo|x64
		{E67EC735-13F6-3CC3-A338-C020141938B8}.Debug|x64.ActiveCfg = Debug|x64
		{E67EC735-13F6-3CC3-A338-C020141938B8}.Debug|x64.Build.0 = Debug|x64
		{E67EC735-13F6-3CC3-A338-C020141938B8}.Release|x64.ActiveCfg = Release|x64
		{E67EC735-13F6-3CC3-A338-C020141938B8}.Release|x64.Build.0 = Release|x64
		{E67EC735-13F6-3CC3-A338-C020141938B8}.MinSizeRel|x64.ActiveCfg = MinSizeRel|x64
		{E67EC735-13F6-3CC3-A338-C020141938B8}.MinSizeRel|x64.Build.0 = MinSizeRel|x64
		{E67EC735-13F6-3CC3-A338-C020141938B8}.RelWithDebInfo|x64.ActiveCfg = RelWithDebInfo|x64
		{E67EC735-13F6-3CC3-A338-C020141938B8}.RelWithDebInfo|x64.Build.0 = RelWithDebInfo|x64
		{ACC6EE2B-0A1B-3EA5-AE09-C62733ED466F}.Debug|x64.ActiveCfg = Debug|x64
		{ACC6EE2B-0A1B-3EA5-AE09-C62733ED466F}.Debug|x64.Build.0 = Debug|x64
		{ACC6EE2B-0A1B-3EA5-AE09-C62733ED466F}.Release|x64.ActiveCfg = Release|x64
		{ACC6EE2B-0A1B-3EA5-AE09-C62733ED466F}.Release|x64.Build.0 = Release|x64
		{ACC6EE2B-0A1B-3EA5-AE09-C62733ED466F}.MinSizeRel|x64.ActiveCfg = MinSizeRel|x64
		{ACC6EE2B-0A1B-3EA5-AE09-C62733ED466F}.MinSizeRel|x64.Build.0 = MinSizeRel|x64
		{ACC6EE2B-0A1B-3EA5-AE09-C62733ED466F}.RelWithDebInfo|x64.ActiveCfg = RelWithDebInfo|x64
		{ACC6EE2B-0A1B-3EA5-AE09-C62733ED466F}.RelWithDebInfo|x64.Build.0 = RelWithDebInfo|x64
		{2143502C-BA16-36D7-AD43-0DB56C7106B6}.Debug|x64.ActiveCfg = Debug|x64
		{2143502C-BA16-36D7-AD43-0DB56C7106B6}.Debug|x64.Build.0 = Debug|x64
		{2143502C-BA16-36D7-AD43-0DB56C7106B6}.Release|x64.ActiveCfg = Release|x64
		{2143502C-BA16-36D7-AD43-0DB56C7106B6}.Release|x64.Build.0 = Release|x64
		{2143502C-BA16-36D7-AD43-0DB56C7106B6}.MinSizeRel|x64.ActiveCfg = MinSizeRel|x64
		{2143502C-BA16-36D7-AD43-0DB56C7106B6}.MinSizeRel|x64.Build.0 = MinSizeRel|x64
		{2143502C-BA16-36D7-AD43-0DB56C7106B6}.RelWithDebInfo|x64.ActiveCfg = RelWithDebInfo|x64
		{2143502C-BA16-36D7-AD43-0DB56C7106B6}.RelWithDebInfo|x64.Build.0 = RelWithDebInfo|x64
		{4BDC00EC-8183-3508-95B4-477AFFC5DB17}.Debug|x64.ActiveCfg = Debug|x64
		{4BDC00EC-8183-3508-95B4-477AFFC5DB17}.Debug|x64.Build.0 = Debug|x64
		{4BDC00EC-8183-3508-95B4-477AFFC5DB17}.Release|x64.ActiveCfg = Release|x64
		{4BDC00EC-8183-3508-95B4-477AFFC5DB17}.Release|x64.Build.0 = Release|x64
		{4BDC00EC-8183-3508-95B4-477AFFC5DB17}.MinSizeRel|x64.ActiveCfg = MinSizeRel|x64
		{4BDC00EC-8183-3508-95B4-477AFFC5DB17}.MinSizeRel|x64.Build.0 = MinSizeRel|x64
		{4BDC00EC-8183-3508-95B4-477AFFC5DB17}.RelWithDebInfo|x64.ActiveCfg = RelWithDebInfo|x64
		{4BDC00EC-8183-3508-95B4-477AFFC5DB17}.RelWithDebInfo|x64.Build.0 = RelWithDebInfo|x64
		{D8A9B034-6E96-3690-B129-ADA78E5A4884}.Debug|x64.ActiveCfg = Debug|x64
		{D8A9B034-6E96-3690-B129-ADA78E5A4884}.Debug|x64.Build.0 = Debug|x64
		{D8A9B034-6E96-3690-B129-ADA78E5A4884}.Release|x64.ActiveCfg = Release|x64
		{D8A9B034-6E96-3690-B129-ADA78E5A4884}.Release|x64.Build.0 = Release|x64
		{D8A9B034-6E96-3690-B129-ADA78E5A4884}.MinSizeRel|x64.ActiveCfg = MinSizeRel|x64
		{D8A9B034-6E96-3690-B129-ADA78E5A4884}.MinSizeRel|x64.Build.0 = MinSizeRel|x64
		{D8A9B034-6E96-3690-B129-ADA78E5A4884}.RelWithDebInfo|x64.ActiveCfg = RelWithDebInfo|x64
		{D8A9B034-6E96-3690-B129-ADA78E5A4884}.RelWithDebInfo|x64.Build.0 = RelWithDebInfo|x64
		{860D4D6C-6A37-36A1-93EC-DD522AF0EEA3}.Debug|x64.ActiveCfg = Debug|x64
		{860D4D6C-6A37-36A1-93EC-DD522AF0EEA3}.Debug|x64.Build.0 = Debug|x64
		{860D4D6C-6A37-36A1-93EC-DD522AF0EEA3}.Release|x64.ActiveCfg = Release|x64
		{860D4D6C-6A37-36A1-93EC-DD522AF0EEA3}.Release|x64.Build.0 = Release|x64
		{860D4D6C-6A37-36A1-93EC-DD522AF0EEA3}.MinSizeRel|x64.ActiveCfg = MinSizeRel|x64
		{860D4D6C-6A37-36A1-93EC-DD522AF0EEA3}.MinSizeRel|x64.Build.0 = MinSizeRel|x64
		{860D4D6C-6A37-36A1-93EC-DD522AF0EEA3}.RelWithDebInfo|x64.ActiveCfg = RelWithDebInfo|x64
		{860D4D6C-6A37-36A1-93EC-DD522AF0EEA3}.RelWithDebInfo|x64.Build.0 = RelWithDebInfo|x64
		{B373E8AE-35C0-36F5-9FB2-0A2F5AF257C7}.Debug|x64.ActiveCfg = Debug|x64
		{B373E8AE-35C0-36F5-9FB2-0A2F5AF257C7}.Debug|x64.Build.0 = Debug|x64
		{B373E8AE-35C0-36F5-9FB2-0A2F5AF257C7}.Release|x64.ActiveCfg = Release|x64
		{B373E8AE-35C0-36F5-9FB2-0A2F5AF257C7}.Release|x64.Build.0 = Release|x64
		{B373E8AE-35C0-36F5-9FB2-0A2F5AF257C7}.MinSizeRel|x64.ActiveCfg = MinSizeRel|x64
		{B373E8AE-35C0-36F5-9FB2-0A2F5AF257C7}.MinSizeRel|x64.Build.0 = MinSizeRel|x64
		{B373E8AE-35C0-36F5-9FB2-0A2F5AF257C7}.RelWithDebInfo|x64.ActiveCfg = RelWithDebInfo|x64
		{B373E8AE-35C0-36F5-9FB2-0A2F5AF257C7}.RelWithDebInfo|x64.Build.0 = RelWithDebInfo|x64
		{509223C5-5607-3554-899F-F90423B9162F}.Debug|x64.ActiveCfg = Debug|x64
		{509223C5-5607-3554-899F-F90423B9162F}.Debug|x64.Build.0 = Debug|x64
		{509223C5-5607-3554-899F-F90423B9162F}.Release|x64.ActiveCfg = Release|x64
		{509223C5-5607-3554-899F-F90423B9162F}.Release|x64.Build.0 = Release|x64
		{509223C5-5607-3554-899F-F90423B9162F}.MinSizeRel|x64.ActiveCfg = MinSizeRel|x64
		{509223C5-5607-3554-899F-F90423B9162F}.MinSizeRel|x64.Build.0 = MinSizeRel|x64
		{509223C5-5607-3554-899F-F90423B9162F}.RelWithDebInfo|x64.ActiveCfg = RelWithDebInfo|x64
		{509223C5-5607-3554-899F-F90423B9162F}.RelWithDebInfo|x64.Build.0 = RelWithDebInfo|x64
		{473AF4AB-FEF8-35B4-9E5B-CD048313D740}.Debug|x64.ActiveCfg = Debug|x64
		{473AF4AB-FEF8-35B4-9E5B-CD048313D740}.Debug|x64.Build.0 = Debug|x64
		{473AF4AB-FEF8-35B4-9E5B-CD048313D740}.Release|x64.ActiveCfg = Release|x64
		{473AF4AB-FEF8-35B4-9E5B-CD048313D740}.Release|x64.Build.0 = Release|x64
		{473AF4AB-FEF8-35B4-9E5B-CD048313D740}.MinSizeRel|x64.ActiveCfg = MinSizeRel|x64
		{473AF4AB-FEF8-35B4-9E5B-CD048313D740}.MinSizeRel|x64.Build.0 = MinSizeRel|x64
		{473AF4AB-FEF8-35B4-9E5B-CD048313D740}.RelWithDebInfo|x64.ActiveCfg = RelWithDebInfo|x64
		{473AF4AB-FEF8-35B4-9E5B-CD048313D740}.RelWithDebInfo|x64.Build.0 = RelWithDebInfo|x64
		{F09D9659-F454-34B7-81FE-4B16B832FF1C}.Debug|x64.ActiveCfg = Debug|x64
		{F09D9659-F454-34B7-81FE-4B16B832FF1C}.Debug|x64.Build.0 = Debug|x64
		{F09D9659-F454-34B7-81FE-4B16B832FF1C}.Release|x64.ActiveCfg = Release|x64
		{F09D9659-F454-34B7-81FE-4B16B832FF1C}.Release|x64.Build.0 = Release|x64
		{F09D9659-F454-34B7-81FE-4B16B832FF1C}.MinSizeRel|x64.ActiveCfg = MinSizeRel|x64
		{F09D9659-F454-34B7-81FE-4B16B832FF1C}.MinSizeRel|x64.Build.0 = MinSizeRel|x64
		{F09D9659-F454-34B7-81FE-4B16B832FF1C}.RelWithDebInfo|x64.ActiveCfg = RelWithDebInfo|x64
		{F09D9659-F454-34B7-81FE-4B16B832FF1C}.RelWithDebInfo|x64.Build.0 = RelWithDebInfo|x64
		{401DB89D-8ECC-329D-933A-962B84FCB655}.Debug|x64.ActiveCfg = Debug|x64
		{401DB89D-8ECC-329D-933A-962B84FCB655}.Debug|x64.Build.0 = Debug|x64
		{401DB89D-8ECC-329D-933A-962B84FCB655}.Release|x64.ActiveCfg = Release|x64
		{401DB89D-8ECC-329D-933A-962B84FCB655}.Release|x64.Build.0 = Release|x64
		{401DB89D-8ECC-329D-933A-962B84FCB655}.MinSizeRel|x64.ActiveCfg = MinSizeRel|x64
		{401DB89D-8ECC-329D-933A-962B84FCB655}.MinSizeRel|x64.Build.0 = MinSizeRel|x64
		{401DB89D-8ECC-329D-933A-962B84FCB655}.RelWithDebInfo|x64.ActiveCfg = RelWithDebInfo|x64
		{401DB89D-8ECC-329D-933A-962B84FCB655}.RelWithDebInfo|x64.Build.0 = RelWithDebInfo|x64
		{828A0033-B677-3EB2-AA15-CACE442CC74E}.Debug|x64.ActiveCfg = Debug|x64
		{828A0033-B677-3EB2-AA15-CACE442CC74E}.Debug|x64.Build.0 = Debug|x64
		{828A0033-B677-3EB2-AA15-CACE442CC74E}.Release|x64.ActiveCfg = Release|x64
		{828A0033-B677-3EB2-AA15-CACE442CC74E}.Release|x64.Build.0 = Release|x64
		{828A0033-B677-3EB2-AA15-CACE442CC74E}.MinSizeRel|x64.ActiveCfg = MinSizeRel|x64
		{828A0033-B677-3EB2-AA15-CACE442CC74E}.MinSizeRel|x64.Build.0 = MinSizeRel|x64
		{828A0033-B677-3EB2-AA15-CACE442CC74E}.RelWithDebInfo|x64.ActiveCfg = RelWithDebInfo|x64
		{828A0033-B677-3EB2-AA15-CACE442CC74E}.RelWithDebInfo|x64.Build.0 = RelWithDebInfo|x64
		{D0CCCF0E-660C-3107-8AA7-C67EF9932F74}.Debug|x64.ActiveCfg = Debug|x64
		{D0CCCF0E-660C-3107-8AA7-C67EF9932F74}.Debug|x64.Build.0 = Debug|x64
		{D0CCCF0E-660C-3107-8AA7-C67EF9932F74}.Release|x64.ActiveCfg = Release|x64
		{D0CCCF0E-660C-3107-8AA7-C67EF9932F74}.Release|x64.Build.0 = Release|x64
		{D0CCCF0E-660C-3107-8AA7-C67EF9932F74}.MinSizeRel|x64.ActiveCfg = MinSizeRel|x64
		{D0CCCF0E-660C-3107-8AA7-C67EF9932F74}.MinSizeRel|x64.Build.0 = MinSizeRel|x64
		{D0CCCF0E-660C-3107-8AA7-C67EF9932F74}.RelWithDebInfo|x64.ActiveCfg = RelWithDebInfo|x64
		{D0CCCF0E-660C-3107-8AA7-C67EF9932F74}.RelWithDebInfo|x64.Build.0 = RelWithDebInfo|x64
		{09366263-F235-3A1D-90DA-075429D1AB40}.Debug|x64.ActiveCfg = Debug|x64
		{09366263-F235-3A1D-90DA-075429D1AB40}.Debug|x64.Build.0 = Debug|x64
		{09366263-F235-3A1D-90DA-075429D1AB40}.Release|x64.ActiveCfg = Release|x64
		{09366263-F235-3A1D-90DA-075429D1AB40}.Release|x64.Build.0 = Release|x64
		{09366263-F235-3A1D-90DA-075429D1AB40}.MinSizeRel|x64.ActiveCfg = MinSizeRel|x64
		{09366263-F235-3A1D-90DA-075429D1AB40}.MinSizeRel|x64.Build.0 = MinSizeRel|x64
		{09366263-F235-3A1D-90DA-075429D1AB40}.RelWithDebInfo|x64.ActiveCfg = RelWithDebInfo|x64
		{09366263-F235-3A1D-90DA-075429D1AB40}.RelWithDebInfo|x64.Build.0 = RelWithDebInfo|x64
		{22E08BC7-2A80-3BD0-8EC8-1913DAECD8C7}.Debug|x64.ActiveCfg = Debug|x64
		{22E08BC7-2A80-3BD0-8EC8-1913DAECD8C7}.Debug|x64.Build.0 = Debug|x64
		{22E08BC7-2A80-3BD0-8EC8-1913DAECD8C7}.Release|x64.ActiveCfg = Release|x64
		{22E08BC7-2A80-3BD0-8EC8-1913DAECD8C7}.Release|x64.Build.0 = Release|x64
		{22E08BC7-2A80-3BD0-8EC8-1913DAECD8C7}.MinSizeRel|x64.ActiveCfg = MinSizeRel|x64
		{22E08BC7-2A80-3BD0-8EC8-1913DAECD8C7}.MinSizeRel|x64.Build.0 = MinSizeRel|x64
		{22E08BC7-2A80-3BD0-8EC8-1913DAECD8C7}.RelWithDebInfo|x64.ActiveCfg = RelWithDebInfo|x64
		{22E08BC7-2A80-3BD0-8EC8-1913DAECD8C7}.RelWithDebInfo|x64.Build.0 = RelWithDebInfo|x64
		{D85A7D30-C785-3134-B095-ACA947D4CDED}.Debug|x64.ActiveCfg = Debug|x64
		{D85A7D30-C785-3134-B095-ACA947D4CDED}.Debug|x64.Build.0 = Debug|x64
		{D85A7D30-C785-3134-B095-ACA947D4CDED}.Release|x64.ActiveCfg = Release|x64
		{D85A7D30-C785-3134-B095-ACA947D4CDED}.Release|x64.Build.0 = Release|x64
		{D85A7D30-C785-3134-B095-ACA947D4CDED}.MinSizeRel|x64.ActiveCfg = MinSizeRel|x64
		{D85A7D30-C785-3134-B095-ACA947D4CDED}.MinSizeRel|x64.Build.0 = MinSizeRel|x64
		{D85A7D30-C785-3134-B095-ACA947D4CDED}.RelWithDebInfo|x64.ActiveCfg = RelWithDebInfo|x64
		{D85A7D30-C785-3134-B095-ACA947D4CDED}.RelWithDebInfo|x64.Build.0 = RelWithDebInfo|x64
		{8AE14C42-AD6E-3FD5-BF58-65BAFCB4F558}.Debug|x64.ActiveCfg = Debug|x64
		{8AE14C42-AD6E-3FD5-BF58-65BAFCB4F558}.Debug|x64.Build.0 = Debug|x64
		{8AE14C42-AD6E-3FD5-BF58-65BAFCB4F558}.Release|x64.ActiveCfg = Release|x64
		{8AE14C42-AD6E-3FD5-BF58-65BAFCB4F558}.Release|x64.Build.0 = Release|x64
		{8AE14C42-AD6E-3FD5-BF58-65BAFCB4F558}.MinSizeRel|x64.ActiveCfg = MinSizeRel|x64
		{8AE14C42-AD6E-3FD5-BF58-65BAFCB4F558}.MinSizeRel|x64.Build.0 = MinSizeRel|x64
		{8AE14C42-AD6E-3FD5-BF58-65BAFCB4F558}.RelWithDebInfo|x64.ActiveCfg = RelWithDebInfo|x64
		{8AE14C42-AD6E-3FD5-BF58-65BAFCB4F558}.RelWithDebInfo|x64.Build.0 = RelWithDebInfo|x64
		{E585FC7D-B92A-3EFA-A860-B1B7DF37729E}.Debug|x64.ActiveCfg = Debug|x64
		{E585FC7D-B92A-3EFA-A860-B1B7DF37729E}.Debug|x64.Build.0 = Debug|x64
		{E585FC7D-B92A-3EFA-A860-B1B7DF37729E}.Release|x64.ActiveCfg = Release|x64
		{E585FC7D-B92A-3EFA-A860-B1B7DF37729E}.Release|x64.Build.0 = Release|x64
		{E585FC7D-B92A-3EFA-A860-B1B7DF37729E}.MinSizeRel|x64.ActiveCfg = MinSizeRel|x64
		{E585FC7D-B92A-3EFA-A860-B1B7DF37729E}.MinSizeRel|x64.Build.0 = MinSizeRel|x64
		{E585FC7D-B92A-3EFA-A860-B1B7DF37729E}.RelWithDebInfo|x64.ActiveCfg = RelWithDebInfo|x64
		{E585FC7D-B92A-3EFA-A860-B1B7DF37729E}.RelWithDebInfo|x64.Build.0 = RelWithDebInfo|x64
		{CE97D16D-7BA8-3EC0-8EDC-A99FCABF0908}.Debug|x64.ActiveCfg = Debug|x64
		{CE97D16D-7BA8-3EC0-8EDC-A99FCABF0908}.Debug|x64.Build.0 = Debug|x64
		{CE97D16D-7BA8-3EC0-8EDC-A99FCABF0908}.Release|x64.ActiveCfg = Release|x64
		{CE97D16D-7BA8-3EC0-8EDC-A99FCABF0908}.Release|x64.Build.0 = Release|x64
		{CE97D16D-7BA8-3EC0-8EDC-A99FCABF0908}.MinSizeRel|x64.ActiveCfg = MinSizeRel|x64
		{CE97D16D-7BA8-3EC0-8EDC-A99FCABF0908}.MinSizeRel|x64.Build.0 = MinSizeRel|x64
		{CE97D16D-7BA8-3EC0-8EDC-A99FCABF0908}.RelWithDebInfo|x64.ActiveCfg = RelWithDebInfo|x64
		{CE97D16D-7BA8-3EC0-8EDC-A99FCABF0908}.RelWithDebInfo|x64.Build.0 = RelWithDebInfo|x64
		{EA8C9CB8-C485-30F5-85B7-AE4EF459C8B5}.Debug|x64.ActiveCfg = Debug|x64
		{EA8C9CB8-C485-30F5-85B7-AE4EF459C8B5}.Debug|x64.Build.0 = Debug|x64
		{EA8C9CB8-C485-30F5-85B7-AE4EF459C8B5}.Release|x64.ActiveCfg = Release|x64
		{EA8C9CB8-C485-30F5-85B7-AE4EF459C8B5}.Release|x64.Build.0 = Release|x64
		{EA8C9CB8-C485-30F5-85B7-AE4EF459C8B5}.MinSizeRel|x64.ActiveCfg = MinSizeRel|x64
		{EA8C9CB8-C485-30F5-85B7-AE4EF459C8B5}.MinSizeRel|x64.Build.0 = MinSizeRel|x64
		{EA8C9CB8-C485-30F5-85B7-AE4EF459C8B5}.RelWithDebInfo|x64.ActiveCfg = RelWithDebInfo|x64
		{EA8C9CB8-C485-30F5-85B7-AE4EF459C8B5}.RelWithDebInfo|x64.Build.0 = RelWithDebInfo|x64
		{6F96F70E-E97D-3571-9D81-13E3A3A55C3A}.Debug|x64.ActiveCfg = Debug|x64
		{6F96F70E-E97D-3571-9D81-13E3A3A55C3A}.Debug|x64.Build.0 = Debug|x64
		{6F96F70E-E97D-3571-9D81-13E3A3A55C3A}.Release|x64.ActiveCfg = Release|x64
		{6F96F70E-E97D-3571-9D81-13E3A3A55C3A}.Release|x64.Build.0 = Release|x64
		{6F96F70E-E97D-3571-9D81-13E3A3A55C3A}.MinSizeRel|x64.ActiveCfg = MinSizeRel|x64
		{6F96F70E-E97D-3571-9D81-13E3A3A55C3A}.MinSizeRel|x64.Build.0 = MinSizeRel|x64
		{6F96F70E-E97D-3571-9D81-13E3A3A55C3A}.RelWithDebInfo|x64.ActiveCfg = RelWithDebInfo|x64
		{6F96F70E-E97D-3571-9D81-13E3A3A55C3A}.RelWithDebInfo|x64.Build.0 = RelWithDebInfo|x64
		{C2DEEAAC-FDC9-3264-87CF-CDB1BF971CC1}.Debug|x64.ActiveCfg = Debug|x64
		{C2DEEAAC-FDC9-3264-87CF-CDB1BF971CC1}.Debug|x64.Build.0 = Debug|x64
		{C2DEEAAC-FDC9-3264-87CF-CDB1BF971CC1}.Release|x64.ActiveCfg = Release|x64
		{C2DEEAAC-FDC9-3264-87CF-CDB1BF971CC1}.Release|x64.Build.0 = Release|x64
		{C2DEEAAC-FDC9-3264-87CF-CDB1BF971CC1}.MinSizeRel|x64.ActiveCfg = MinSizeRel|x64
		{C2DEEAAC-FDC9-3264-87CF-CDB1BF971CC1}.MinSizeRel|x64.Build.0 = MinSizeRel|x64
		{C2DEEAAC-FDC9-3264-87CF-CDB1BF971CC1}.RelWithDebInfo|x64.ActiveCfg = RelWithDebInfo|x64
		{C2DEEAAC-FDC9-3264-87CF-CDB1BF971CC1}.RelWithDebInfo|x64.Build.0 = RelWithDebInfo|x64
		{2D5A5D68-CF25-37B0-9983-3A8942000D9D}.Debug|x64.ActiveCfg = Debug|x64
		{2D5A5D68-CF25-37B0-9983-3A8942000D9D}.Debug|x64.Build.0 = Debug|x64
		{2D5A5D68-CF25-37B0-9983-3A8942000D9D}.Release|x64.ActiveCfg = Release|x64
		{2D5A5D68-CF25-37B0-9983-3A8942000D9D}.Release|x64.Build.0 = Release|x64
		{2D5A5D68-CF25-37B0-9983-3A8942000D9D}.MinSizeRel|x64.ActiveCfg = MinSizeRel|x64
		{2D5A5D68-CF25-37B0-9983-3A8942000D9D}.MinSizeRel|x64.Build.0 = MinSizeRel|x64
		{2D5A5D68-CF25-37B0-9983-3A8942000D9D}.RelWithDebInfo|x64.ActiveCfg = RelWithDebInfo|x64
		{2D5A5D68-CF25-37B0-9983-3A8942000D9D}.RelWithDebInfo|x64.Build.0 = RelWithDebInfo|x64
		{82358479-45C3-345D-9FB8-12113064537C}.Debug|x64.ActiveCfg = Debug|x64
		{82358479-45C3-345D-9FB8-12113064537C}.Debug|x64.Build.0 = Debug|x64
		{82358479-45C3-345D-9FB8-12113064537C}.Release|x64.ActiveCfg = Release|x64
		{82358479-45C3-345D-9FB8-12113064537C}.Release|x64.Build.0 = Release|x64
		{82358479-45C3-345D-9FB8-12113064537C}.MinSizeRel|x64.ActiveCfg = MinSizeRel|x64
		{82358479-45C3-345D-9FB8-12113064537C}.MinSizeRel|x64.Build.0 = MinSizeRel|x64
		{82358479-45C3-345D-9FB8-12113064537C}.RelWithDebInfo|x64.ActiveCfg = RelWithDebInfo|x64
		{82358479-45C3-345D-9FB8-12113064537C}.RelWithDebInfo|x64.Build.0 = RelWithDebInfo|x64
		{173E1E8C-41F5-37AC-B722-3D467FD87507}.Debug|x64.ActiveCfg = Debug|x64
		{173E1E8C-41F5-37AC-B722-3D467FD87507}.Debug|x64.Build.0 = Debug|x64
		{173E1E8C-41F5-37AC-B722-3D467FD87507}.Release|x64.ActiveCfg = Release|x64
		{173E1E8C-41F5-37AC-B722-3D467FD87507}.Release|x64.Build.0 = Release|x64
		{173E1E8C-41F5-37AC-B722-3D467FD87507}.MinSizeRel|x64.ActiveCfg = MinSizeRel|x64
		{173E1E8C-41F5-37AC-B722-3D467FD87507}.MinSizeRel|x64.Build.0 = MinSizeRel|x64
		{173E1E8C-41F5-37AC-B722-3D467FD87507}.RelWithDebInfo|x64.ActiveCfg = RelWithDebInfo|x64
		{173E1E8C-41F5-37AC-B722-3D467FD87507}.RelWithDebInfo|x64.Build.0 = RelWithDebInfo|x64
		{8EC97D3B-8DFD-387A-9E05-D276B8A93C72}.Debug|x64.ActiveCfg = Debug|x64
		{8EC97D3B-8DFD-387A-9E05-D276B8A93C72}.Debug|x64.Build.0 = Debug|x64
		{8EC97D3B-8DFD-387A-9E05-D276B8A93C72}.Release|x64.ActiveCfg = Release|x64
		{8EC97D3B-8DFD-387A-9E05-D276B8A93C72}.Release|x64.Build.0 = Release|x64
		{8EC97D3B-8DFD-387A-9E05-D276B8A93C72}.MinSizeRel|x64.ActiveCfg = MinSizeRel|x64
		{8EC97D3B-8DFD-387A-9E05-D276B8A93C72}.MinSizeRel|x64.Build.0 = MinSizeRel|x64
		{8EC97D3B-8DFD-387A-9E05-D276B8A93C72}.RelWithDebInfo|x64.ActiveCfg = RelWithDebInfo|x64
		{8EC97D3B-8DFD-387A-9E05-D276B8A93C72}.RelWithDebInfo|x64.Build.0 = RelWithDebInfo|x64
		{2F42FAF1-7AD4-34BA-B04B-8CB29ECD2606}.Debug|x64.ActiveCfg = Debug|x64
		{2F42FAF1-7AD4-34BA-B04B-8CB29ECD2606}.Debug|x64.Build.0 = Debug|x64
		{2F42FAF1-7AD4-34BA-B04B-8CB29ECD2606}.Release|x64.ActiveCfg = Release|x64
		{2F42FAF1-7AD4-34BA-B04B-8CB29ECD2606}.Release|x64.Build.0 = Release|x64
		{2F42FAF1-7AD4-34BA-B04B-8CB29ECD2606}.MinSizeRel|x64.ActiveCfg = MinSizeRel|x64
		{2F42FAF1-7AD4-34BA-B04B-8CB29ECD2606}.MinSizeRel|x64.Build.0 = MinSizeRel|x64
		{2F42FAF1-7AD4-34BA-B04B-8CB29ECD2606}.RelWithDebInfo|x64.ActiveCfg = RelWithDebInfo|x64
		{2F42FAF1-7AD4-34BA-B04B-8CB29ECD2606}.RelWithDebInfo|x64.Build.0 = RelWithDebInfo|x64
		{53AAA9B7-08BA-394B-93EB-E0AE59B06D9E}.Debug|x64.ActiveCfg = Debug|x64
		{53AAA9B7-08BA-394B-93EB-E0AE59B06D9E}.Debug|x64.Build.0 = Debug|x64
		{53AAA9B7-08BA-394B-93EB-E0AE59B06D9E}.Release|x64.ActiveCfg = Release|x64
		{53AAA9B7-08BA-394B-93EB-E0AE59B06D9E}.Release|x64.Build.0 = Release|x64
		{53AAA9B7-08BA-394B-93EB-E0AE59B06D9E}.MinSizeRel|x64.ActiveCfg = MinSizeRel|x64
		{53AAA9B7-08BA-394B-93EB-E0AE59B06D9E}.MinSizeRel|x64.Build.0 = MinSizeRel|x64
		{53AAA9B7-08BA-394B-93EB-E0AE59B06D9E}.RelWithDebInfo|x64.ActiveCfg = RelWithDebInfo|x64
		{53AAA9B7-08BA-394B-93EB-E0AE59B06D9E}.RelWithDebInfo|x64.Build.0 = RelWithDebInfo|x64
		{60A0D0FC-2201-3869-9279-588E02D46911}.Debug|x64.ActiveCfg = Debug|x64
		{60A0D0FC-2201-3869-9279-588E02D46911}.Debug|x64.Build.0 = Debug|x64
		{60A0D0FC-2201-3869-9279-588E02D46911}.Release|x64.ActiveCfg = Release|x64
		{60A0D0FC-2201-3869-9279-588E02D46911}.Release|x64.Build.0 = Release|x64
		{60A0D0FC-2201-3869-9279-588E02D46911}.MinSizeRel|x64.ActiveCfg = MinSizeRel|x64
		{60A0D0FC-2201-3869-9279-588E02D46911}.MinSizeRel|x64.Build.0 = MinSizeRel|x64
		{60A0D0FC-2201-3869-9279-588E02D46911}.RelWithDebInfo|x64.ActiveCfg = RelWithDebInfo|x64
		{60A0D0FC-2201-3869-9279-588E02D46911}.RelWithDebInfo|x64.Build.0 = RelWithDebInfo|x64
		{30F2A327-C105-3057-A004-E78C58CB934B}.Debug|x64.ActiveCfg = Debug|x64
		{30F2A327-C105-3057-A004-E78C58CB934B}.Debug|x64.Build.0 = Debug|x64
		{30F2A327-C105-3057-A004-E78C58CB934B}.Release|x64.ActiveCfg = Release|x64
		{30F2A327-C105-3057-A004-E78C58CB934B}.Release|x64.Build.0 = Release|x64
		{30F2A327-C105-3057-A004-E78C58CB934B}.MinSizeRel|x64.ActiveCfg = MinSizeRel|x64
		{30F2A327-C105-3057-A004-E78C58CB934B}.MinSizeRel|x64.Build.0 = MinSizeRel|x64
		{30F2A327-C105-3057-A004-E78C58CB934B}.RelWithDebInfo|x64.ActiveCfg = RelWithDebInfo|x64
		{30F2A327-C105-3057-A004-E78C58CB934B}.RelWithDebInfo|x64.Build.0 = RelWithDebInfo|x64
		{248A076C-F9BB-3B75-8A48-8CEEB64676FC}.Debug|x64.ActiveCfg = Debug|x64
		{248A076C-F9BB-3B75-8A48-8CEEB64676FC}.Debug|x64.Build.0 = Debug|x64
		{248A076C-F9BB-3B75-8A48-8CEEB64676FC}.Release|x64.ActiveCfg = Release|x64
		{248A076C-F9BB-3B75-8A48-8CEEB64676FC}.Release|x64.Build.0 = Release|x64
		{248A076C-F9BB-3B75-8A48-8CEEB64676FC}.MinSizeRel|x64.ActiveCfg = MinSizeRel|x64
		{248A076C-F9BB-3B75-8A48-8CEEB64676FC}.MinSizeRel|x64.Build.0 = MinSizeRel|x64
		{248A076C-F9BB-3B75-8A48-8CEEB64676FC}.RelWithDebInfo|x64.ActiveCfg = RelWithDebInfo|x64
		{248A076C-F9BB-3B75-8A48-8CEEB64676FC}.RelWithDebInfo|x64.Build.0 = RelWithDebInfo|x64
		{0B43D3E5-D6E8-3FAA-B508-CD8D97EE8A8D}.Debug|x64.ActiveCfg = Debug|x64
		{0B43D3E5-D6E8-3FAA-B508-CD8D97EE8A8D}.Debug|x64.Build.0 = Debug|x64
		{0B43D3E5-D6E8-3FAA-B508-CD8D97EE8A8D}.Release|x64.ActiveCfg = Release|x64
		{0B43D3E5-D6E8-3FAA-B508-CD8D97EE8A8D}.Release|x64.Build.0 = Release|x64
		{0B43D3E5-D6E8-3FAA-B508-CD8D97EE8A8D}.MinSizeRel|x64.ActiveCfg = MinSizeRel|x64
		{0B43D3E5-D6E8-3FAA-B508-CD8D97EE8A8D}.MinSizeRel|x64.Build.0 = MinSizeRel|x64
		{0B43D3E5-D6E8-3FAA-B508-CD8D97EE8A8D}.RelWithDebInfo|x64.ActiveCfg = RelWithDebInfo|x64
		{0B43D3E5-D6E8-3FAA-B508-CD8D97EE8A8D}.RelWithDebInfo|x64.Build.0 = RelWithDebInfo|x64
		{8BBD4CF2-08B6-3A33-BBC1-663A3489DBA2}.Debug|x64.ActiveCfg = Debug|x64
		{8BBD4CF2-08B6-3A33-BBC1-663A3489DBA2}.Debug|x64.Build.0 = Debug|x64
		{8BBD4CF2-08B6-3A33-BBC1-663A3489DBA2}.Release|x64.ActiveCfg = Release|x64
		{8BBD4CF2-08B6-3A33-BBC1-663A3489DBA2}.Release|x64.Build.0 = Release|x64
		{8BBD4CF2-08B6-3A33-BBC1-663A3489DBA2}.MinSizeRel|x64.ActiveCfg = MinSizeRel|x64
		{8BBD4CF2-08B6-3A33-BBC1-663A3489DBA2}.MinSizeRel|x64.Build.0 = MinSizeRel|x64
		{8BBD4CF2-08B6-3A33-BBC1-663A3489DBA2}.RelWithDebInfo|x64.ActiveCfg = RelWithDebInfo|x64
		{8BBD4CF2-08B6-3A33-BBC1-663A3489DBA2}.RelWithDebInfo|x64.Build.0 = RelWithDebInfo|x64
		{8FABCCC6-E582-3F81-9C62-17D9A8FC3A53}.Debug|x64.ActiveCfg = Debug|x64
		{8FABCCC6-E582-3F81-9C62-17D9A8FC3A53}.Debug|x64.Build.0 = Debug|x64
		{8FABCCC6-E582-3F81-9C62-17D9A8FC3A53}.Release|x64.ActiveCfg = Release|x64
		{8FABCCC6-E582-3F81-9C62-17D9A8FC3A53}.Release|x64.Build.0 = Release|x64
		{8FABCCC6-E582-3F81-9C62-17D9A8FC3A53}.MinSizeRel|x64.ActiveCfg = MinSizeRel|x64
		{8FABCCC6-E582-3F81-9C62-17D9A8FC3A53}.MinSizeRel|x64.Build.0 = MinSizeRel|x64
		{8FABCCC6-E582-3F81-9C62-17D9A8FC3A53}.RelWithDebInfo|x64.ActiveCfg = RelWithDebInfo|x64
		{8FABCCC6-E582-3F81-9C62-17D9A8FC3A53}.RelWithDebInfo|x64.Build.0 = RelWithDebInfo|x64
		{40216002-AB7A-3400-8011-AD8FE0B20C3F}.Debug|x64.ActiveCfg = Debug|x64
		{40216002-AB7A-3400-8011-AD8FE0B20C3F}.Debug|x64.Build.0 = Debug|x64
		{40216002-AB7A-3400-8011-AD8FE0B20C3F}.Release|x64.ActiveCfg = Release|x64
		{40216002-AB7A-3400-8011-AD8FE0B20C3F}.Release|x64.Build.0 = Release|x64
		{40216002-AB7A-3400-8011-AD8FE0B20C3F}.MinSizeRel|x64.ActiveCfg = MinSizeRel|x64
		{40216002-AB7A-3400-8011-AD8FE0B20C3F}.MinSizeRel|x64.Build.0 = MinSizeRel|x64
		{40216002-AB7A-3400-8011-AD8FE0B20C3F}.RelWithDebInfo|x64.ActiveCfg = RelWithDebInfo|x64
		{40216002-AB7A-3400-8011-AD8FE0B20C3F}.RelWithDebInfo|x64.Build.0 = RelWithDebInfo|x64
		{AA61A160-6EB7-3A59-AEA1-408426D7A756}.Debug|x64.ActiveCfg = Debug|x64
		{AA61A160-6EB7-3A59-AEA1-408426D7A756}.Debug|x64.Build.0 = Debug|x64
		{AA61A160-6EB7-3A59-AEA1-408426D7A756}.Release|x64.ActiveCfg = Release|x64
		{AA61A160-6EB7-3A59-AEA1-408426D7A756}.Release|x64.Build.0 = Release|x64
		{AA61A160-6EB7-3A59-AEA1-408426D7A756}.MinSizeRel|x64.ActiveCfg = MinSizeRel|x64
		{AA61A160-6EB7-3A59-AEA1-408426D7A756}.MinSizeRel|x64.Build.0 = MinSizeRel|x64
		{AA61A160-6EB7-3A59-AEA1-408426D7A756}.RelWithDebInfo|x64.ActiveCfg = RelWithDebInfo|x64
		{AA61A160-6EB7-3A59-AEA1-408426D7A756}.RelWithDebInfo|x64.Build.0 = RelWithDebInfo|x64
		{26483030-3EBC-35BD-A89E-B05602105A9E}.Debug|x64.ActiveCfg = Debug|x64
		{26483030-3EBC-35BD-A89E-B05602105A9E}.Debug|x64.Build.0 = Debug|x64
		{26483030-3EBC-35BD-A89E-B05602105A9E}.Release|x64.ActiveCfg = Release|x64
		{26483030-3EBC-35BD-A89E-B05602105A9E}.Release|x64.Build.0 = Release|x64
		{26483030-3EBC-35BD-A89E-B05602105A9E}.MinSizeRel|x64.ActiveCfg = MinSizeRel|x64
		{26483030-3EBC-35BD-A89E-B05602105A9E}.MinSizeRel|x64.Build.0 = MinSizeRel|x64
		{26483030-3EBC-35BD-A89E-B05602105A9E}.RelWithDebInfo|x64.ActiveCfg = RelWithDebInfo|x64
		{26483030-3EBC-35BD-A89E-B05602105A9E}.RelWithDebInfo|x64.Build.0 = RelWithDebInfo|x64
		{32289D2B-C8B3-33C3-8520-C806EE9A30B6}.Debug|x64.ActiveCfg = Debug|x64
		{32289D2B-C8B3-33C3-8520-C806EE9A30B6}.Debug|x64.Build.0 = Debug|x64
		{32289D2B-C8B3-33C3-8520-C806EE9A30B6}.Release|x64.ActiveCfg = Release|x64
		{32289D2B-C8B3-33C3-8520-C806EE9A30B6}.Release|x64.Build.0 = Release|x64
		{32289D2B-C8B3-33C3-8520-C806EE9A30B6}.MinSizeRel|x64.ActiveCfg = MinSizeRel|x64
		{32289D2B-C8B3-33C3-8520-C806EE9A30B6}.MinSizeRel|x64.Build.0 = MinSizeRel|x64
		{32289D2B-C8B3-33C3-8520-C806EE9A30B6}.RelWithDebInfo|x64.ActiveCfg = RelWithDebInfo|x64
		{32289D2B-C8B3-33C3-8520-C806EE9A30B6}.RelWithDebInfo|x64.Build.0 = RelWithDebInfo|x64
		{8CFA0ADC-A253-3AD4-A03C-9B3B5FB4C101}.Debug|x64.ActiveCfg = Debug|x64
		{8CFA0ADC-A253-3AD4-A03C-9B3B5FB4C101}.Debug|x64.Build.0 = Debug|x64
		{8CFA0ADC-A253-3AD4-A03C-9B3B5FB4C101}.Release|x64.ActiveCfg = Release|x64
		{8CFA0ADC-A253-3AD4-A03C-9B3B5FB4C101}.Release|x64.Build.0 = Release|x64
		{8CFA0ADC-A253-3AD4-A03C-9B3B5FB4C101}.MinSizeRel|x64.ActiveCfg = MinSizeRel|x64
		{8CFA0ADC-A253-3AD4-A03C-9B3B5FB4C101}.MinSizeRel|x64.Build.0 = MinSizeRel|x64
		{8CFA0ADC-A253-3AD4-A03C-9B3B5FB4C101}.RelWithDebInfo|x64.ActiveCfg = RelWithDebInfo|x64
		{8CFA0ADC-A253-3AD4-A03C-9B3B5FB4C101}.RelWithDebInfo|x64.Build.0 = RelWithDebInfo|x64
		{57B7D81A-292D-30DF-B430-738FA6C3791F}.Debug|x64.ActiveCfg = Debug|x64
		{57B7D81A-292D-30DF-B430-738FA6C3791F}.Debug|x64.Build.0 = Debug|x64
		{57B7D81A-292D-30DF-B430-738FA6C3791F}.Release|x64.ActiveCfg = Release|x64
		{57B7D81A-292D-30DF-B430-738FA6C3791F}.Release|x64.Build.0 = Release|x64
		{57B7D81A-292D-30DF-B430-738FA6C3791F}.MinSizeRel|x64.ActiveCfg = MinSizeRel|x64
		{57B7D81A-292D-30DF-B430-738FA6C3791F}.MinSizeRel|x64.Build.0 = MinSizeRel|x64
		{57B7D81A-292D-30DF-B430-738FA6C3791F}.RelWithDebInfo|x64.ActiveCfg = RelWithDebInfo|x64
		{57B7D81A-292D-30DF-B430-738FA6C3791F}.RelWithDebInfo|x64.Build.0 = RelWithDebInfo|x64
		{7B6AB12E-71FE-3812-9014-D9FF06AFDC2F}.Debug|x64.ActiveCfg = Debug|x64
		{7B6AB12E-71FE-3812-9014-D9FF06AFDC2F}.Debug|x64.Build.0 = Debug|x64
		{7B6AB12E-71FE-3812-9014-D9FF06AFDC2F}.Release|x64.ActiveCfg = Release|x64
		{7B6AB12E-71FE-3812-9014-D9FF06AFDC2F}.Release|x64.Build.0 = Release|x64
		{7B6AB12E-71FE-3812-9014-D9FF06AFDC2F}.MinSizeRel|x64.ActiveCfg = MinSizeRel|x64
		{7B6AB12E-71FE-3812-9014-D9FF06AFDC2F}.MinSizeRel|x64.Build.0 = MinSizeRel|x64
		{7B6AB12E-71FE-3812-9014-D9FF06AFDC2F}.RelWithDebInfo|x64.ActiveCfg = RelWithDebInfo|x64
		{7B6AB12E-71FE-3812-9014-D9FF06AFDC2F}.RelWithDebInfo|x64.Build.0 = RelWithDebInfo|x64
		{E6CBC509-09B9-3B0C-97D4-4DCFF73DD03A}.Debug|x64.ActiveCfg = Debug|x64
		{E6CBC509-09B9-3B0C-97D4-4DCFF73DD03A}.Debug|x64.Build.0 = Debug|x64
		{E6CBC509-09B9-3B0C-97D4-4DCFF73DD03A}.Release|x64.ActiveCfg = Release|x64
		{E6CBC509-09B9-3B0C-97D4-4DCFF73DD03A}.Release|x64.Build.0 = Release|x64
		{E6CBC509-09B9-3B0C-97D4-4DCFF73DD03A}.MinSizeRel|x64.ActiveCfg = MinSizeRel|x64
		{E6CBC509-09B9-3B0C-97D4-4DCFF73DD03A}.MinSizeRel|x64.Build.0 = MinSizeRel|x64
		{E6CBC509-09B9-3B0C-97D4-4DCFF73DD03A}.RelWithDebInfo|x64.ActiveCfg = RelWithDebInfo|x64
		{E6CBC509-09B9-3B0C-97D4-4DCFF73DD03A}.RelWithDebInfo|x64.Build.0 = RelWithDebInfo|x64
		{A2BFD7DD-BE0A-3485-8C82-22DA5067C63A}.Debug|x64.ActiveCfg = Debug|x64
		{A2BFD7DD-BE0A-3485-8C82-22DA5067C63A}.Debug|x64.Build.0 = Debug|x64
		{A2BFD7DD-BE0A-3485-8C82-22DA5067C63A}.Release|x64.ActiveCfg = Release|x64
		{A2BFD7DD-BE0A-3485-8C82-22DA5067C63A}.Release|x64.Build.0 = Release|x64
		{A2BFD7DD-BE0A-3485-8C82-22DA5067C63A}.MinSizeRel|x64.ActiveCfg = MinSizeRel|x64
		{A2BFD7DD-BE0A-3485-8C82-22DA5067C63A}.MinSizeRel|x64.Build.0 = MinSizeRel|x64
		{A2BFD7DD-BE0A-3485-8C82-22DA5067C63A}.RelWithDebInfo|x64.ActiveCfg = RelWithDebInfo|x64
		{A2BFD7DD-BE0A-3485-8C82-22DA5067C63A}.RelWithDebInfo|x64.Build.0 = RelWithDebInfo|x64
		{7ABD299D-7A34-3353-9198-CE5CE95E49A2}.Debug|x64.ActiveCfg = Debug|x64
		{7ABD299D-7A34-3353-9198-CE5CE95E49A2}.Debug|x64.Build.0 = Debug|x64
		{7ABD299D-7A34-3353-9198-CE5CE95E49A2}.Release|x64.ActiveCfg = Release|x64
		{7ABD299D-7A34-3353-9198-CE5CE95E49A2}.Release|x64.Build.0 = Release|x64
		{7ABD299D-7A34-3353-9198-CE5CE95E49A2}.MinSizeRel|x64.ActiveCfg = MinSizeRel|x64
		{7ABD299D-7A34-3353-9198-CE5CE95E49A2}.MinSizeRel|x64.Build.0 = MinSizeRel|x64
		{7ABD299D-7A34-3353-9198-CE5CE95E49A2}.RelWithDebInfo|x64.ActiveCfg = RelWithDebInfo|x64
		{7ABD299D-7A34-3353-9198-CE5CE95E49A2}.RelWithDebInfo|x64.Build.0 = RelWithDebInfo|x64
		{BF129710-7CDE-3F97-996D-CE685DBB722D}.Debug|x64.ActiveCfg = Debug|x64
		{BF129710-7CDE-3F97-996D-CE685DBB722D}.Debug|x64.Build.0 = Debug|x64
		{BF129710-7CDE-3F97-996D-CE685DBB722D}.Release|x64.ActiveCfg = Release|x64
		{BF129710-7CDE-3F97-996D-CE685DBB722D}.Release|x64.Build.0 = Release|x64
		{BF129710-7CDE-3F97-996D-CE685DBB722D}.MinSizeRel|x64.ActiveCfg = MinSizeRel|x64
		{BF129710-7CDE-3F97-996D-CE685DBB722D}.MinSizeRel|x64.Build.0 = MinSizeRel|x64
		{BF129710-7CDE-3F97-996D-CE685DBB722D}.RelWithDebInfo|x64.ActiveCfg = RelWithDebInfo|x64
		{BF129710-7CDE-3F97-996D-CE685DBB722D}.RelWithDebInfo|x64.Build.0 = RelWithDebInfo|x64
		{D5D474E9-B2B1-3A93-B0FF-2159351DD05F}.Debug|x64.ActiveCfg = Debug|x64
		{D5D474E9-B2B1-3A93-B0FF-2159351DD05F}.Debug|x64.Build.0 = Debug|x64
		{D5D474E9-B2B1-3A93-B0FF-2159351DD05F}.Release|x64.ActiveCfg = Release|x64
		{D5D474E9-B2B1-3A93-B0FF-2159351DD05F}.Release|x64.Build.0 = Release|x64
		{D5D474E9-B2B1-3A93-B0FF-2159351DD05F}.MinSizeRel|x64.ActiveCfg = MinSizeRel|x64
		{D5D474E9-B2B1-3A93-B0FF-2159351DD05F}.MinSizeRel|x64.Build.0 = MinSizeRel|x64
		{D5D474E9-B2B1-3A93-B0FF-2159351DD05F}.RelWithDebInfo|x64.ActiveCfg = RelWithDebInfo|x64
		{D5D474E9-B2B1-3A93-B0FF-2159351DD05F}.RelWithDebInfo|x64.Build.0 = RelWithDebInfo|x64
		{A137B710-5F0B-358E-869A-A9D453B1ECD0}.Debug|x64.ActiveCfg = Debug|x64
		{A137B710-5F0B-358E-869A-A9D453B1ECD0}.Debug|x64.Build.0 = Debug|x64
		{A137B710-5F0B-358E-869A-A9D453B1ECD0}.Release|x64.ActiveCfg = Release|x64
		{A137B710-5F0B-358E-869A-A9D453B1ECD0}.Release|x64.Build.0 = Release|x64
		{A137B710-5F0B-358E-869A-A9D453B1ECD0}.MinSizeRel|x64.ActiveCfg = MinSizeRel|x64
		{A137B710-5F0B-358E-869A-A9D453B1ECD0}.MinSizeRel|x64.Build.0 = MinSizeRel|x64
		{A137B710-5F0B-358E-869A-A9D453B1ECD0}.RelWithDebInfo|x64.ActiveCfg = RelWithDebInfo|x64
		{A137B710-5F0B-358E-869A-A9D453B1ECD0}.RelWithDebInfo|x64.Build.0 = RelWithDebInfo|x64
		{F6F4B592-3BE0-3C9C-BF7C-69E941A2FDD9}.Debug|x64.ActiveCfg = Debug|x64
		{F6F4B592-3BE0-3C9C-BF7C-69E941A2FDD9}.Debug|x64.Build.0 = Debug|x64
		{F6F4B592-3BE0-3C9C-BF7C-69E941A2FDD9}.Release|x64.ActiveCfg = Release|x64
		{F6F4B592-3BE0-3C9C-BF7C-69E941A2FDD9}.Release|x64.Build.0 = Release|x64
		{F6F4B592-3BE0-3C9C-BF7C-69E941A2FDD9}.MinSizeRel|x64.ActiveCfg = MinSizeRel|x64
		{F6F4B592-3BE0-3C9C-BF7C-69E941A2FDD9}.MinSizeRel|x64.Build.0 = MinSizeRel|x64
		{F6F4B592-3BE0-3C9C-BF7C-69E941A2FDD9}.RelWithDebInfo|x64.ActiveCfg = RelWithDebInfo|x64
		{F6F4B592-3BE0-3C9C-BF7C-69E941A2FDD9}.RelWithDebInfo|x64.Build.0 = RelWithDebInfo|x64
		{CAB8FA60-4FC7-3C22-B474-6F91D4BCBBDB}.Debug|x64.ActiveCfg = Debug|x64
		{CAB8FA60-4FC7-3C22-B474-6F91D4BCBBDB}.Debug|x64.Build.0 = Debug|x64
		{CAB8FA60-4FC7-3C22-B474-6F91D4BCBBDB}.Release|x64.ActiveCfg = Release|x64
		{CAB8FA60-4FC7-3C22-B474-6F91D4BCBBDB}.Release|x64.Build.0 = Release|x64
		{CAB8FA60-4FC7-3C22-B474-6F91D4BCBBDB}.MinSizeRel|x64.ActiveCfg = MinSizeRel|x64
		{CAB8FA60-4FC7-3C22-B474-6F91D4BCBBDB}.MinSizeRel|x64.Build.0 = MinSizeRel|x64
		{CAB8FA60-4FC7-3C22-B474-6F91D4BCBBDB}.RelWithDebInfo|x64.ActiveCfg = RelWithDebInfo|x64
		{CAB8FA60-4FC7-3C22-B474-6F91D4BCBBDB}.RelWithDebInfo|x64.Build.0 = RelWithDebInfo|x64
		{488CBE48-E433-3CD7-B3C2-5395ECD7B4D1}.Debug|x64.ActiveCfg = Debug|x64
		{488CBE48-E433-3CD7-B3C2-5395ECD7B4D1}.Release|x64.ActiveCfg = Release|x64
		{488CBE48-E433-3CD7-B3C2-5395ECD7B4D1}.MinSizeRel|x64.ActiveCfg = MinSizeRel|x64
		{488CBE48-E433-3CD7-B3C2-5395ECD7B4D1}.RelWithDebInfo|x64.ActiveCfg = RelWithDebInfo|x64
		{797B6099-ECB2-3627-87D6-D4A0A097D9B3}.Debug|x64.ActiveCfg = Debug|x64
		{797B6099-ECB2-3627-87D6-D4A0A097D9B3}.Debug|x64.Build.0 = Debug|x64
		{797B6099-ECB2-3627-87D6-D4A0A097D9B3}.Release|x64.ActiveCfg = Release|x64
		{797B6099-ECB2-3627-87D6-D4A0A097D9B3}.Release|x64.Build.0 = Release|x64
		{797B6099-ECB2-3627-87D6-D4A0A097D9B3}.MinSizeRel|x64.ActiveCfg = MinSizeRel|x64
		{797B6099-ECB2-3627-87D6-D4A0A097D9B3}.MinSizeRel|x64.Build.0 = MinSizeRel|x64
		{797B6099-ECB2-3627-87D6-D4A0A097D9B3}.RelWithDebInfo|x64.ActiveCfg = RelWithDebInfo|x64
		{797B6099-ECB2-3627-87D6-D4A0A097D9B3}.RelWithDebInfo|x64.Build.0 = RelWithDebInfo|x64
		{36B980AC-6445-3ACC-8ACA-4265A31A3322}.Debug|x64.ActiveCfg = Debug|x64
		{36B980AC-6445-3ACC-8ACA-4265A31A3322}.Debug|x64.Build.0 = Debug|x64
		{36B980AC-6445-3ACC-8ACA-4265A31A3322}.Release|x64.ActiveCfg = Release|x64
		{36B980AC-6445-3ACC-8ACA-4265A31A3322}.Release|x64.Build.0 = Release|x64
		{36B980AC-6445-3ACC-8ACA-4265A31A3322}.MinSizeRel|x64.ActiveCfg = MinSizeRel|x64
		{36B980AC-6445-3ACC-8ACA-4265A31A3322}.MinSizeRel|x64.Build.0 = MinSizeRel|x64
		{36B980AC-6445-3ACC-8ACA-4265A31A3322}.RelWithDebInfo|x64.ActiveCfg = RelWithDebInfo|x64
		{36B980AC-6445-3ACC-8ACA-4265A31A3322}.RelWithDebInfo|x64.Build.0 = RelWithDebInfo|x64
		{A6735969-C0BA-3235-BF67-18D374F28E03}.Debug|x64.ActiveCfg = Debug|x64
		{A6735969-C0BA-3235-BF67-18D374F28E03}.Debug|x64.Build.0 = Debug|x64
		{A6735969-C0BA-3235-BF67-18D374F28E03}.Release|x64.ActiveCfg = Release|x64
		{A6735969-C0BA-3235-BF67-18D374F28E03}.Release|x64.Build.0 = Release|x64
		{A6735969-C0BA-3235-BF67-18D374F28E03}.MinSizeRel|x64.ActiveCfg = MinSizeRel|x64
		{A6735969-C0BA-3235-BF67-18D374F28E03}.MinSizeRel|x64.Build.0 = MinSizeRel|x64
		{A6735969-C0BA-3235-BF67-18D374F28E03}.RelWithDebInfo|x64.ActiveCfg = RelWithDebInfo|x64
		{A6735969-C0BA-3235-BF67-18D374F28E03}.RelWithDebInfo|x64.Build.0 = RelWithDebInfo|x64
		{834E287F-2F21-35EC-8855-97B4F9593BF8}.Debug|x64.ActiveCfg = Debug|x64
		{834E287F-2F21-35EC-8855-97B4F9593BF8}.Debug|x64.Build.0 = Debug|x64
		{834E287F-2F21-35EC-8855-97B4F9593BF8}.Release|x64.ActiveCfg = Release|x64
		{834E287F-2F21-35EC-8855-97B4F9593BF8}.Release|x64.Build.0 = Release|x64
		{834E287F-2F21-35EC-8855-97B4F9593BF8}.MinSizeRel|x64.ActiveCfg = MinSizeRel|x64
		{834E287F-2F21-35EC-8855-97B4F9593BF8}.MinSizeRel|x64.Build.0 = MinSizeRel|x64
		{834E287F-2F21-35EC-8855-97B4F9593BF8}.RelWithDebInfo|x64.ActiveCfg = RelWithDebInfo|x64
		{834E287F-2F21-35EC-8855-97B4F9593BF8}.RelWithDebInfo|x64.Build.0 = RelWithDebInfo|x64
	EndGlobalSection
	GlobalSection(ExtensibilityGlobals) = postSolution
	EndGlobalSection
	GlobalSection(ExtensibilityAddIns) = postSolution
	EndGlobalSection
EndGlobal
